// !$*UTF8*$!
{
	archiveVersion = 1;
	classes = {
	};
	objectVersion = 52;
	objects = {

/* Begin PBXBuildFile section */
		87078B5B26EA44B5007AE242 /* ThingLog.xcdatamodeld in Sources */ = {isa = PBXBuildFile; fileRef = 87078B5926EA44B5007AE242 /* ThingLog.xcdatamodeld */; };
		8736B3E326FCB9F3000433E1 /* Rating.swift in Sources */ = {isa = PBXBuildFile; fileRef = 8736B3E226FCB9F3000433E1 /* Rating.swift */; };
		8736B3E526FCBA77000433E1 /* RatingEntity+.swift in Sources */ = {isa = PBXBuildFile; fileRef = 8736B3E426FCBA77000433E1 /* RatingEntity+.swift */; };
		8736B3E926FCBE28000433E1 /* Category.swift in Sources */ = {isa = PBXBuildFile; fileRef = 8736B3E826FCBE28000433E1 /* Category.swift */; };
		8736B3EF26FDC1AD000433E1 /* Comment.swift in Sources */ = {isa = PBXBuildFile; fileRef = 8736B3EE26FDC1AD000433E1 /* Comment.swift */; };
		8736B3F226FDC281000433E1 /* Attachment.swift in Sources */ = {isa = PBXBuildFile; fileRef = 8736B3F126FDC281000433E1 /* Attachment.swift */; };
		8736B3F426FDD55E000433E1 /* UIFont+.swift in Sources */ = {isa = PBXBuildFile; fileRef = 8736B3F326FDD55E000433E1 /* UIFont+.swift */; };
		8736B3F626FE245A000433E1 /* PostEntity+.swift in Sources */ = {isa = PBXBuildFile; fileRef = 8736B3F526FE245A000433E1 /* PostEntity+.swift */; };
		8738E1CB271705220069BB80 /* CategoryViewController.swift in Sources */ = {isa = PBXBuildFile; fileRef = 8738E1CA271705220069BB80 /* CategoryViewController.swift */; };
		8738E1CD271708F80069BB80 /* PaddingLabel.swift in Sources */ = {isa = PBXBuildFile; fileRef = 8738E1CC271708F80069BB80 /* PaddingLabel.swift */; };
		8738E1CF271709660069BB80 /* RoundLabelWithButtonTableCell.swift in Sources */ = {isa = PBXBuildFile; fileRef = 8738E1CE271709660069BB80 /* RoundLabelWithButtonTableCell.swift */; };
		873EC00926D39055003C3525 /* AppDelegate.swift in Sources */ = {isa = PBXBuildFile; fileRef = 873EC00826D39055003C3525 /* AppDelegate.swift */; };
		873EC00B26D39055003C3525 /* SceneDelegate.swift in Sources */ = {isa = PBXBuildFile; fileRef = 873EC00A26D39055003C3525 /* SceneDelegate.swift */; };
		873EC00D26D39055003C3525 /* ViewController.swift in Sources */ = {isa = PBXBuildFile; fileRef = 873EC00C26D39055003C3525 /* ViewController.swift */; };
		873EC01526D39057003C3525 /* Assets.xcassets in Resources */ = {isa = PBXBuildFile; fileRef = 873EC01426D39057003C3525 /* Assets.xcassets */; };
		873EC01826D39057003C3525 /* LaunchScreen.storyboard in Resources */ = {isa = PBXBuildFile; fileRef = 873EC01626D39057003C3525 /* LaunchScreen.storyboard */; };
		873EC02326D39057003C3525 /* ThingLogTests.swift in Sources */ = {isa = PBXBuildFile; fileRef = 873EC02226D39057003C3525 /* ThingLogTests.swift */; };
		873EC02E26D39057003C3525 /* ThingLogUITests.swift in Sources */ = {isa = PBXBuildFile; fileRef = 873EC02D26D39057003C3525 /* ThingLogUITests.swift */; };
		873EC04126D504BA003C3525 /* RxRelay.xcframework in Frameworks */ = {isa = PBXBuildFile; fileRef = 873EC03C26D504BA003C3525 /* RxRelay.xcframework */; };
		873EC04226D504BA003C3525 /* RxRelay.xcframework in Embed Frameworks */ = {isa = PBXBuildFile; fileRef = 873EC03C26D504BA003C3525 /* RxRelay.xcframework */; settings = {ATTRIBUTES = (CodeSignOnCopy, RemoveHeadersOnCopy, ); }; };
		873EC04526D504BA003C3525 /* RxSwift.xcframework in Frameworks */ = {isa = PBXBuildFile; fileRef = 873EC03E26D504BA003C3525 /* RxSwift.xcframework */; };
		873EC04626D504BA003C3525 /* RxSwift.xcframework in Embed Frameworks */ = {isa = PBXBuildFile; fileRef = 873EC03E26D504BA003C3525 /* RxSwift.xcframework */; settings = {ATTRIBUTES = (CodeSignOnCopy, RemoveHeadersOnCopy, ); }; };
		873EC04726D504BA003C3525 /* RxBlocking.xcframework in Frameworks */ = {isa = PBXBuildFile; fileRef = 873EC03F26D504BA003C3525 /* RxBlocking.xcframework */; };
		873EC04826D504BA003C3525 /* RxBlocking.xcframework in Embed Frameworks */ = {isa = PBXBuildFile; fileRef = 873EC03F26D504BA003C3525 /* RxBlocking.xcframework */; settings = {ATTRIBUTES = (CodeSignOnCopy, RemoveHeadersOnCopy, ); }; };
		873EC04926D504BA003C3525 /* RxCocoa.xcframework in Frameworks */ = {isa = PBXBuildFile; fileRef = 873EC04026D504BA003C3525 /* RxCocoa.xcframework */; };
		873EC04A26D504BA003C3525 /* RxCocoa.xcframework in Embed Frameworks */ = {isa = PBXBuildFile; fileRef = 873EC04026D504BA003C3525 /* RxCocoa.xcframework */; settings = {ATTRIBUTES = (CodeSignOnCopy, RemoveHeadersOnCopy, ); }; };
		873EC04E26D5068F003C3525 /* .swiftlint.yml in Resources */ = {isa = PBXBuildFile; fileRef = 873EC04D26D5068F003C3525 /* .swiftlint.yml */; };
		874D92F7271AD0A9005FF8F3 /* DisableSelectionTextField.swift in Sources */ = {isa = PBXBuildFile; fileRef = 874D92F6271AD0A9005FF8F3 /* DisableSelectionTextField.swift */; };
		874D92F9271AD672005FF8F3 /* DummyData.swift in Sources */ = {isa = PBXBuildFile; fileRef = 874D92F8271AD672005FF8F3 /* DummyData.swift */; };
		875A966026F0E4EB001BF0D0 /* CoreDataStack.swift in Sources */ = {isa = PBXBuildFile; fileRef = 875A965F26F0E4EB001BF0D0 /* CoreDataStack.swift */; };
		876243E02708701B00BDA1DC /* WriteType.swift in Sources */ = {isa = PBXBuildFile; fileRef = 876243DF2708701B00BDA1DC /* WriteType.swift */; };
		876243E22708704800BDA1DC /* WriteTypeButton.swift in Sources */ = {isa = PBXBuildFile; fileRef = 876243E12708704800BDA1DC /* WriteTypeButton.swift */; };
		876C157927044BA0000C1C84 /* RepositoryError.swift in Sources */ = {isa = PBXBuildFile; fileRef = 876C157827044BA0000C1C84 /* RepositoryError.swift */; };
		876C157B27044DFF000C1C84 /* CategoryEntity.swift in Sources */ = {isa = PBXBuildFile; fileRef = 876C157A27044DFF000C1C84 /* CategoryEntity.swift */; };
		876C157D27047B19000C1C84 /* CategoryRepository.swift in Sources */ = {isa = PBXBuildFile; fileRef = 876C157C27047B19000C1C84 /* CategoryRepository.swift */; };
		87A86C8B2714139F008FB3F0 /* WriteTextFieldCell.swift in Sources */ = {isa = PBXBuildFile; fileRef = 87A86C8A2714139F008FB3F0 /* WriteTextFieldCell.swift */; };
		87A86C8D271414D2008FB3F0 /* WriteRatingCell.swift in Sources */ = {isa = PBXBuildFile; fileRef = 87A86C8C271414D2008FB3F0 /* WriteRatingCell.swift */; };
		87A86C8F27141507008FB3F0 /* RatingView.swift in Sources */ = {isa = PBXBuildFile; fileRef = 87A86C8E27141507008FB3F0 /* RatingView.swift */; };
		87A86C9127141576008FB3F0 /* WriteTextViewCell.swift in Sources */ = {isa = PBXBuildFile; fileRef = 87A86C9027141576008FB3F0 /* WriteTextViewCell.swift */; };
		87ACB0B227229A3000C78C86 /* CenterTextButton.swift in Sources */ = {isa = PBXBuildFile; fileRef = 87ACB0B127229A3000C78C86 /* CenterTextButton.swift */; };
		87ACB0B427229E2B00C78C86 /* WriteImageTableCell.swift in Sources */ = {isa = PBXBuildFile; fileRef = 87ACB0B327229E2B00C78C86 /* WriteImageTableCell.swift */; };
		87B1B6552715E252001EA889 /* LabelWithButtonRoundCollectionCell.swift in Sources */ = {isa = PBXBuildFile; fileRef = 87B1B6542715E252001EA889 /* LabelWithButtonRoundCollectionCell.swift */; };
		87B1B6572715E2F0001EA889 /* WriteCategoryTableCell.swift in Sources */ = {isa = PBXBuildFile; fileRef = 87B1B6562715E2F0001EA889 /* WriteCategoryTableCell.swift */; };
		87BB17A72709898F0088B847 /* WriteViewController.swift in Sources */ = {isa = PBXBuildFile; fileRef = 87BB17A62709898F0088B847 /* WriteViewController.swift */; };
		87BB17A927098A720088B847 /* WriteCoordinator.swift in Sources */ = {isa = PBXBuildFile; fileRef = 87BB17A827098A720088B847 /* WriteCoordinator.swift */; };
		87BB17AB27098D760088B847 /* WriteViewModel.swift in Sources */ = {isa = PBXBuildFile; fileRef = 87BB17AA27098D760088B847 /* WriteViewModel.swift */; };
		87BB17AD27098F480088B847 /* WriteViewController+setup.swift in Sources */ = {isa = PBXBuildFile; fileRef = 87BB17AC27098F480088B847 /* WriteViewController+setup.swift */; };
		87BEF07B2705C80D00797ECD /* ThingLogCategoryRepositoryTests.swift in Sources */ = {isa = PBXBuildFile; fileRef = 87BEF07A2705C80D00797ECD /* ThingLogCategoryRepositoryTests.swift */; };
		87DAEB1B270BEAE50038C487 /* CameraButtonCollectionCell.swift in Sources */ = {isa = PBXBuildFile; fileRef = 87DAEB1A270BEAE50038C487 /* CameraButtonCollectionCell.swift */; };
		87DAEB1D270BEC170038C487 /* ThumbnailCell.swift in Sources */ = {isa = PBXBuildFile; fileRef = 87DAEB1C270BEC170038C487 /* ThumbnailCell.swift */; };
		87F2188326FB5B4100C3FBCA /* ThingLogPostRepositoryTests.swift in Sources */ = {isa = PBXBuildFile; fileRef = 87F2188226FB5B4100C3FBCA /* ThingLogPostRepositoryTests.swift */; };
		87F2188626FB5DFB00C3FBCA /* Post.swift in Sources */ = {isa = PBXBuildFile; fileRef = 87F2188526FB5DFB00C3FBCA /* Post.swift */; };
		87F2188926FB5E9500C3FBCA /* PostRepository.swift in Sources */ = {isa = PBXBuildFile; fileRef = 87F2188826FB5E9500C3FBCA /* PostRepository.swift */; };
		87F2188E26FB8ACA00C3FBCA /* PostType.swift in Sources */ = {isa = PBXBuildFile; fileRef = 87F2188D26FB8ACA00C3FBCA /* PostType.swift */; };
		87F2189026FB8D6A00C3FBCA /* PostTypeEntity+.swift in Sources */ = {isa = PBXBuildFile; fileRef = 87F2188F26FB8D6A00C3FBCA /* PostTypeEntity+.swift */; };
		DB00D211272A8A79003FC9C3 /* SelectingDrawerViewController.swift in Sources */ = {isa = PBXBuildFile; fileRef = DB00D210272A8A79003FC9C3 /* SelectingDrawerViewController.swift */; };
		DB00D216272A8D2F003FC9C3 /* DrawerViewController.swift in Sources */ = {isa = PBXBuildFile; fileRef = DB00D215272A8D2F003FC9C3 /* DrawerViewController.swift */; };
		DB00D218272A8DB0003FC9C3 /* DrawerCoordinator.swift in Sources */ = {isa = PBXBuildFile; fileRef = DB00D217272A8DB0003FC9C3 /* DrawerCoordinator.swift */; };
		DB00D21C272AD76E003FC9C3 /* ImageWithTwoLabelVerticalCetnerXView.swift in Sources */ = {isa = PBXBuildFile; fileRef = DB00D21B272AD76E003FC9C3 /* ImageWithTwoLabelVerticalCetnerXView.swift */; };
		DB00D21E272ADB68003FC9C3 /* DrawerCollectionCell.swift in Sources */ = {isa = PBXBuildFile; fileRef = DB00D21D272ADB68003FC9C3 /* DrawerCollectionCell.swift */; };
		DB05B03C271853CE0067DB17 /* LeftRightButtonView.swift in Sources */ = {isa = PBXBuildFile; fileRef = DB05B03B271853CE0067DB17 /* LeftRightButtonView.swift */; };
		DB05B03E27185B780067DB17 /* TrashViewController.swift in Sources */ = {isa = PBXBuildFile; fileRef = DB05B03D27185B780067DB17 /* TrashViewController.swift */; };
		DB05B04027185C500067DB17 /* UIViewController+.swift in Sources */ = {isa = PBXBuildFile; fileRef = DB05B03F27185C500067DB17 /* UIViewController+.swift */; };
		DB05B04C271F04E50067DB17 /* TextFieldWithLabelWithButtonCollectionCell.swift in Sources */ = {isa = PBXBuildFile; fileRef = DB05B04B271F04E50067DB17 /* TextFieldWithLabelWithButtonCollectionCell.swift */; };
		DB05B04E271F09260067DB17 /* LoginTopHeaderView.swift in Sources */ = {isa = PBXBuildFile; fileRef = DB05B04D271F09260067DB17 /* LoginTopHeaderView.swift */; };
		DB05B050271F0AB00067DB17 /* LoginCollectionSection.swift in Sources */ = {isa = PBXBuildFile; fileRef = DB05B04F271F0AB00067DB17 /* LoginCollectionSection.swift */; };
		DB05B052271F0D4B0067DB17 /* LoginViewController.swift in Sources */ = {isa = PBXBuildFile; fileRef = DB05B051271F0D4B0067DB17 /* LoginViewController.swift */; };
		DB05B054271FEABB0067DB17 /* LoginViewController+dequeueCell.swift in Sources */ = {isa = PBXBuildFile; fileRef = DB05B053271FEABB0067DB17 /* LoginViewController+dequeueCell.swift */; };
		DB05B056271FEAFA0067DB17 /* LoginViewController+subscribe.swift in Sources */ = {isa = PBXBuildFile; fileRef = DB05B055271FEAFA0067DB17 /* LoginViewController+subscribe.swift */; };
		DB05B058271FFEF80067DB17 /* Settings.bundle in Resources */ = {isa = PBXBuildFile; fileRef = DB05B057271FFEF80067DB17 /* Settings.bundle */; };
		DB148C2027043CFC00FDC48F /* DropBoxView.swift in Sources */ = {isa = PBXBuildFile; fileRef = DB148C1F27043CFC00FDC48F /* DropBoxView.swift */; };
		DB148C222704623200FDC48F /* InsetButton.swift in Sources */ = {isa = PBXBuildFile; fileRef = DB148C212704623200FDC48F /* InsetButton.swift */; };
		DB148C26270469B300FDC48F /* Date+.swift in Sources */ = {isa = PBXBuildFile; fileRef = DB148C25270469B300FDC48F /* Date+.swift */; };
		DB148C282704A1A600FDC48F /* IgnoreTouchView.swift in Sources */ = {isa = PBXBuildFile; fileRef = DB148C272704A1A500FDC48F /* IgnoreTouchView.swift */; };
		DB148C2C2705855A00FDC48F /* EasyLookTabTypeButton.swift in Sources */ = {isa = PBXBuildFile; fileRef = DB148C2B2705855A00FDC48F /* EasyLookTabTypeButton.swift */; };
		DB148C302705863100FDC48F /* EasyLookTabView.swift in Sources */ = {isa = PBXBuildFile; fileRef = DB148C2F2705863100FDC48F /* EasyLookTabView.swift */; };
		DB1745B72708700200EF083E /* SearchTextField.swift in Sources */ = {isa = PBXBuildFile; fileRef = DB1745B62708700200EF083E /* SearchTextField.swift */; };
		DB1745B927098E8A00EF083E /* RecentSearchDataViewModel.swift in Sources */ = {isa = PBXBuildFile; fileRef = DB1745B827098E8A00EF083E /* RecentSearchDataViewModel.swift */; };
		DB22327E27183378002ED30D /* TwoLabelVerticalHeaderView.swift in Sources */ = {isa = PBXBuildFile; fileRef = DB22327D27183378002ED30D /* TwoLabelVerticalHeaderView.swift */; };
		DB22B6BE270ECA20005F9971 /* PostContentsCollectionViewController.swift in Sources */ = {isa = PBXBuildFile; fileRef = DB22B6BD270ECA20005F9971 /* PostContentsCollectionViewController.swift */; };
		DB2B8AFD272151A800A02090 /* AlertViewController.swift in Sources */ = {isa = PBXBuildFile; fileRef = DB2B8AFC272151A800A02090 /* AlertViewController.swift */; };
		DB331DA926FDD00A00A629F5 /* ColorsAsset.swift in Sources */ = {isa = PBXBuildFile; fileRef = DB331DA626FDD00A00A629F5 /* ColorsAsset.swift */; };
		DB331DAA26FDD00A00A629F5 /* ImageAssets.swift in Sources */ = {isa = PBXBuildFile; fileRef = DB331DA726FDD00A00A629F5 /* ImageAssets.swift */; };
		DB331DAB26FDD00A00A629F5 /* Fonts.swift in Sources */ = {isa = PBXBuildFile; fileRef = DB331DA826FDD00A00A629F5 /* Fonts.swift */; };
		DB37EC77270C307C00030D9A /* RecentSearchView+update.swift in Sources */ = {isa = PBXBuildFile; fileRef = DB37EC76270C307C00030D9A /* RecentSearchView+update.swift */; };
		DB3A5165270FFE0C003B529D /* String+.swift in Sources */ = {isa = PBXBuildFile; fileRef = DB3A5164270FFE0C003B529D /* String+.swift */; };
		DB3A516927103B3E003B529D /* EmptyPostView.swift in Sources */ = {isa = PBXBuildFile; fileRef = DB3A516827103B3E003B529D /* EmptyPostView.swift */; };
		DB3A516B27103DC4003B529D /* EmptyResultsView.swift in Sources */ = {isa = PBXBuildFile; fileRef = DB3A516A27103DC4003B529D /* EmptyResultsView.swift */; };
		DB62C4BE272BD9E9000ED955 /* DrawerHeaderView.swift in Sources */ = {isa = PBXBuildFile; fileRef = DB62C4BD272BD9E9000ED955 /* DrawerHeaderView.swift */; };
		DB69095D2712B5EB00BB54E4 /* ThingLogPostTypeRequestTest.swift in Sources */ = {isa = PBXBuildFile; fileRef = DB69095C2712B5EB00BB54E4 /* ThingLogPostTypeRequestTest.swift */; };
		DB69095F2712C55F00BB54E4 /* SearchResultsViewModel.swift in Sources */ = {isa = PBXBuildFile; fileRef = DB69095E2712C55F00BB54E4 /* SearchResultsViewModel.swift */; };
		DB6909612712DA8100BB54E4 /* SettingViewController.swift in Sources */ = {isa = PBXBuildFile; fileRef = DB6909602712DA8100BB54E4 /* SettingViewController.swift */; };
		DB6909632712DB0800BB54E4 /* SettingCoordinator.swift in Sources */ = {isa = PBXBuildFile; fileRef = DB6909622712DB0800BB54E4 /* SettingCoordinator.swift */; };
		DB7C04AA26F5F308009F5C0A /* EasyLookCoordinator.swift in Sources */ = {isa = PBXBuildFile; fileRef = DB7C04A926F5F308009F5C0A /* EasyLookCoordinator.swift */; };
		DB7C04B226F87548009F5C0A /* TabBarController.swift in Sources */ = {isa = PBXBuildFile; fileRef = DB7C04B126F87548009F5C0A /* TabBarController.swift */; };
		DB7C04B626F8782B009F5C0A /* EasyLookViewController.swift in Sources */ = {isa = PBXBuildFile; fileRef = DB7C04B526F8782B009F5C0A /* EasyLookViewController.swift */; };
		DB7C04B926F87BE9009F5C0A /* ChoiceWritingView.swift in Sources */ = {isa = PBXBuildFile; fileRef = DB7C04B826F87BE9009F5C0A /* ChoiceWritingView.swift */; };
		DB7C04BE26F9BE72009F5C0A /* ProfileView.swift in Sources */ = {isa = PBXBuildFile; fileRef = DB7C04BD26F9BE72009F5C0A /* ProfileView.swift */; };
		DB7C04C726F9E693009F5C0A /* UserInformationViewModel.swift in Sources */ = {isa = PBXBuildFile; fileRef = DB7C04C626F9E693009F5C0A /* UserInformationViewModel.swift */; };
		DB7C04CA26F9E69D009F5C0A /* UserDefaults+.swift in Sources */ = {isa = PBXBuildFile; fileRef = DB7C04C926F9E69D009F5C0A /* UserDefaults+.swift */; };
		DB7C04E526FB1981009F5C0A /* BaseContentsCollectionViewController.swift in Sources */ = {isa = PBXBuildFile; fileRef = DB7C04E426FB1981009F5C0A /* BaseContentsCollectionViewController.swift */; };
		DB7C04E926FB19AE009F5C0A /* ContentsCollectionViewCell.swift in Sources */ = {isa = PBXBuildFile; fileRef = DB7C04E826FB19AE009F5C0A /* ContentsCollectionViewCell.swift */; };
		DB7C04EC26FB1A04009F5C0A /* UIView+.swift in Sources */ = {isa = PBXBuildFile; fileRef = DB7C04EB26FB1A04009F5C0A /* UIView+.swift */; };
		DB7C04EE26FB1ACE009F5C0A /* ContentsTabView.swift in Sources */ = {isa = PBXBuildFile; fileRef = DB7C04ED26FB1ACE009F5C0A /* ContentsTabView.swift */; };
		DB7C04F026FB1EFF009F5C0A /* HomeViewController.swift in Sources */ = {isa = PBXBuildFile; fileRef = DB7C04EF26FB1EFF009F5C0A /* HomeViewController.swift */; };
		DB7C04F226FB1F36009F5C0A /* ContentsPageViewController.swift in Sources */ = {isa = PBXBuildFile; fileRef = DB7C04F126FB1F36009F5C0A /* ContentsPageViewController.swift */; };
		DB7C04FC26FB27A6009F5C0A /* TemplateImageButton.swift in Sources */ = {isa = PBXBuildFile; fileRef = DB7C04FB26FB27A6009F5C0A /* TemplateImageButton.swift */; };
		DB87730C270B430C00401961 /* RecentSearchDataViewModelProtocol.swift in Sources */ = {isa = PBXBuildFile; fileRef = DB87730B270B430C00401961 /* RecentSearchDataViewModelProtocol.swift */; };
		DB8BF6792705D25700FD5FDB /* LogoView.swift in Sources */ = {isa = PBXBuildFile; fileRef = DB8BF6782705D25700FD5FDB /* LogoView.swift */; };
		DB8BF6812706D89E00FD5FDB /* ResultsWithDropBoxView.swift in Sources */ = {isa = PBXBuildFile; fileRef = DB8BF6802706D89E00FD5FDB /* ResultsWithDropBoxView.swift */; };
		DB8BF6832706DA7900FD5FDB /* EasyLookTopView.swift in Sources */ = {isa = PBXBuildFile; fileRef = DB8BF6822706DA7900FD5FDB /* EasyLookTopView.swift */; };
		DBA0F8192709A79A009553FC /* ThingLogRecentSearchDataTests.swift in Sources */ = {isa = PBXBuildFile; fileRef = DBA0F8182709A79A009553FC /* ThingLogRecentSearchDataTests.swift */; };
		DBA0F81C2709B390009553FC /* LeftLabelRightButtonTableCell.swift in Sources */ = {isa = PBXBuildFile; fileRef = DBA0F81B2709B390009553FC /* LeftLabelRightButtonTableCell.swift */; };
		DBA0F81E2709BD41009553FC /* RecentSearchView.swift in Sources */ = {isa = PBXBuildFile; fileRef = DBA0F81D2709BD41009553FC /* RecentSearchView.swift */; };
		DBA0F820270AF0A4009553FC /* ResultCollectionSection.swift in Sources */ = {isa = PBXBuildFile; fileRef = DBA0F81F270AF0A4009553FC /* ResultCollectionSection.swift */; };
		DBA0F822270AF656009553FC /* ContentsDetailCollectionViewCell.swift in Sources */ = {isa = PBXBuildFile; fileRef = DBA0F821270AF656009553FC /* ContentsDetailCollectionViewCell.swift */; };
		DBA0F825270B07D8009553FC /* LeftLabelRightButtonHeaderView.swift in Sources */ = {isa = PBXBuildFile; fileRef = DBA0F824270B07D8009553FC /* LeftLabelRightButtonHeaderView.swift */; };
		DBA0F829270B26A0009553FC /* SearchResultsViewController.swift in Sources */ = {isa = PBXBuildFile; fileRef = DBA0F828270B26A0009553FC /* SearchResultsViewController.swift */; };
		DBA1FD4526FB701C00F50DE5 /* InfoPlist.strings in Resources */ = {isa = PBXBuildFile; fileRef = DBA1FD4726FB701C00F50DE5 /* InfoPlist.strings */; };
		DBAB64A426FCC2C5006D95ED /* Coordinator.swift in Sources */ = {isa = PBXBuildFile; fileRef = DB7C04A526F5F281009F5C0A /* Coordinator.swift */; };
		DBAB64A526FCC2F8006D95ED /* HomeCoordinator.swift in Sources */ = {isa = PBXBuildFile; fileRef = DB7C04A726F5F2BB009F5C0A /* HomeCoordinator.swift */; };
		DBAB64A726FE2AFF006D95ED /* UIImage+.swift in Sources */ = {isa = PBXBuildFile; fileRef = DBAB64A626FE2AFF006D95ED /* UIImage+.swift */; };
		DBAE8E9626FDB3EE00F536AD /* Pretendard-Bold.otf in Resources */ = {isa = PBXBuildFile; fileRef = DBAE8E9326FDB3EE00F536AD /* Pretendard-Bold.otf */; };
		DBAE8E9726FDB3EE00F536AD /* Pretendard-Regular.otf in Resources */ = {isa = PBXBuildFile; fileRef = DBAE8E9426FDB3EE00F536AD /* Pretendard-Regular.otf */; };
		DBAE8E9826FDB3EE00F536AD /* Pretendard-SemiBold.otf in Resources */ = {isa = PBXBuildFile; fileRef = DBAE8E9526FDB3EE00F536AD /* Pretendard-SemiBold.otf */; };
		DBAE8EB126FDBEAE00F536AD /* swiftgen.yml in Resources */ = {isa = PBXBuildFile; fileRef = DBAE8EB026FDBEAE00F536AD /* swiftgen.yml */; };
		DBAE8EBB26FDCA7B00F536AD /* Colors.xcassets in Resources */ = {isa = PBXBuildFile; fileRef = DBAE8EBA26FDCA7B00F536AD /* Colors.xcassets */; };
		DBC45A9C270F24B800AB9499 /* DummyProtocol.swift in Sources */ = {isa = PBXBuildFile; fileRef = DBC45A9B270F24B800AB9499 /* DummyProtocol.swift */; };
		DBC45A9E270F25E400AB9499 /* ThingLogPostCategoryRequestTests.swift in Sources */ = {isa = PBXBuildFile; fileRef = DBC45A9D270F25E400AB9499 /* ThingLogPostCategoryRequestTests.swift */; };
		DBC45AA0270F266800AB9499 /* ThingLogPostSearchRequestTests.swift in Sources */ = {isa = PBXBuildFile; fileRef = DBC45A9F270F266800AB9499 /* ThingLogPostSearchRequestTests.swift */; };
		DBD1054D2729560600632168 /* RootCoordinator.swift in Sources */ = {isa = PBXBuildFile; fileRef = DBD1054C2729560600632168 /* RootCoordinator.swift */; };
		DBD105512729726400632168 /* RoundCenterTextButton.swift in Sources */ = {isa = PBXBuildFile; fileRef = DBD105502729726400632168 /* RoundCenterTextButton.swift */; };
		DBD2244527085651004C5184 /* EasyLookViewController+setup.swift in Sources */ = {isa = PBXBuildFile; fileRef = DBD2244427085651004C5184 /* EasyLookViewController+setup.swift */; };
		DBD2244727085671004C5184 /* EasyLookViewController+subscribe.swift in Sources */ = {isa = PBXBuildFile; fileRef = DBD2244627085671004C5184 /* EasyLookViewController+subscribe.swift */; };
		DBD2244B27085DFB004C5184 /* SearchViewController.swift in Sources */ = {isa = PBXBuildFile; fileRef = DBD2244A27085DFB004C5184 /* SearchViewController.swift */; };
		DBD5454727032B1C00063C98 /* FilterType.swift in Sources */ = {isa = PBXBuildFile; fileRef = DBD5454627032B1C00063C98 /* FilterType.swift */; };
		DBD5454927032BAA00063C98 /* EasyLookTabType.swift in Sources */ = {isa = PBXBuildFile; fileRef = DBD5454827032BAA00063C98 /* EasyLookTabType.swift */; };
		DBD5454C27032C6600063C98 /* EasyLookViewModel.swift in Sources */ = {isa = PBXBuildFile; fileRef = DBD5454B27032C6600063C98 /* EasyLookViewModel.swift */; };
		DBD5455027033D9A00063C98 /* ButtonRoundCollectionCell.swift in Sources */ = {isa = PBXBuildFile; fileRef = DBD5454F27033D9A00063C98 /* ButtonRoundCollectionCell.swift */; };
		DBD545522703409300063C98 /* HorizontalCollectionView.swift in Sources */ = {isa = PBXBuildFile; fileRef = DBD545512703409300063C98 /* HorizontalCollectionView.swift */; };
/* End PBXBuildFile section */

/* Begin PBXContainerItemProxy section */
		873EC01F26D39057003C3525 /* PBXContainerItemProxy */ = {
			isa = PBXContainerItemProxy;
			containerPortal = 873EBFFD26D39055003C3525 /* Project object */;
			proxyType = 1;
			remoteGlobalIDString = 873EC00426D39055003C3525;
			remoteInfo = ThingLog;
		};
		873EC02A26D39057003C3525 /* PBXContainerItemProxy */ = {
			isa = PBXContainerItemProxy;
			containerPortal = 873EBFFD26D39055003C3525 /* Project object */;
			proxyType = 1;
			remoteGlobalIDString = 873EC00426D39055003C3525;
			remoteInfo = ThingLog;
		};
/* End PBXContainerItemProxy section */

/* Begin PBXCopyFilesBuildPhase section */
		873EC04B26D504BA003C3525 /* Embed Frameworks */ = {
			isa = PBXCopyFilesBuildPhase;
			buildActionMask = 2147483647;
			dstPath = "";
			dstSubfolderSpec = 10;
			files = (
				873EC04826D504BA003C3525 /* RxBlocking.xcframework in Embed Frameworks */,
				873EC04626D504BA003C3525 /* RxSwift.xcframework in Embed Frameworks */,
				873EC04A26D504BA003C3525 /* RxCocoa.xcframework in Embed Frameworks */,
				873EC04226D504BA003C3525 /* RxRelay.xcframework in Embed Frameworks */,
			);
			name = "Embed Frameworks";
			runOnlyForDeploymentPostprocessing = 0;
		};
/* End PBXCopyFilesBuildPhase section */

/* Begin PBXFileReference section */
		87078B5A26EA44B5007AE242 /* ThingLog.xcdatamodel */ = {isa = PBXFileReference; lastKnownFileType = wrapper.xcdatamodel; path = ThingLog.xcdatamodel; sourceTree = "<group>"; };
		8736B3E226FCB9F3000433E1 /* Rating.swift */ = {isa = PBXFileReference; lastKnownFileType = sourcecode.swift; path = Rating.swift; sourceTree = "<group>"; };
		8736B3E426FCBA77000433E1 /* RatingEntity+.swift */ = {isa = PBXFileReference; lastKnownFileType = sourcecode.swift; path = "RatingEntity+.swift"; sourceTree = "<group>"; };
		8736B3E826FCBE28000433E1 /* Category.swift */ = {isa = PBXFileReference; lastKnownFileType = sourcecode.swift; path = Category.swift; sourceTree = "<group>"; };
		8736B3EE26FDC1AD000433E1 /* Comment.swift */ = {isa = PBXFileReference; lastKnownFileType = sourcecode.swift; path = Comment.swift; sourceTree = "<group>"; };
		8736B3F126FDC281000433E1 /* Attachment.swift */ = {isa = PBXFileReference; lastKnownFileType = sourcecode.swift; path = Attachment.swift; sourceTree = "<group>"; };
		8736B3F326FDD55E000433E1 /* UIFont+.swift */ = {isa = PBXFileReference; lastKnownFileType = sourcecode.swift; path = "UIFont+.swift"; sourceTree = "<group>"; };
		8736B3F526FE245A000433E1 /* PostEntity+.swift */ = {isa = PBXFileReference; lastKnownFileType = sourcecode.swift; path = "PostEntity+.swift"; sourceTree = "<group>"; };
		8738E1CA271705220069BB80 /* CategoryViewController.swift */ = {isa = PBXFileReference; lastKnownFileType = sourcecode.swift; path = CategoryViewController.swift; sourceTree = "<group>"; };
		8738E1CC271708F80069BB80 /* PaddingLabel.swift */ = {isa = PBXFileReference; lastKnownFileType = sourcecode.swift; path = PaddingLabel.swift; sourceTree = "<group>"; };
		8738E1CE271709660069BB80 /* RoundLabelWithButtonTableCell.swift */ = {isa = PBXFileReference; lastKnownFileType = sourcecode.swift; path = RoundLabelWithButtonTableCell.swift; sourceTree = "<group>"; };
		873EC00526D39055003C3525 /* ThingLog.app */ = {isa = PBXFileReference; explicitFileType = wrapper.application; includeInIndex = 0; path = ThingLog.app; sourceTree = BUILT_PRODUCTS_DIR; };
		873EC00826D39055003C3525 /* AppDelegate.swift */ = {isa = PBXFileReference; lastKnownFileType = sourcecode.swift; path = AppDelegate.swift; sourceTree = "<group>"; };
		873EC00A26D39055003C3525 /* SceneDelegate.swift */ = {isa = PBXFileReference; lastKnownFileType = sourcecode.swift; path = SceneDelegate.swift; sourceTree = "<group>"; };
		873EC00C26D39055003C3525 /* ViewController.swift */ = {isa = PBXFileReference; lastKnownFileType = sourcecode.swift; path = ViewController.swift; sourceTree = "<group>"; };
		873EC01426D39057003C3525 /* Assets.xcassets */ = {isa = PBXFileReference; lastKnownFileType = folder.assetcatalog; path = Assets.xcassets; sourceTree = "<group>"; };
		873EC01726D39057003C3525 /* Base */ = {isa = PBXFileReference; lastKnownFileType = file.storyboard; name = Base; path = Base.lproj/LaunchScreen.storyboard; sourceTree = "<group>"; };
		873EC01926D39057003C3525 /* Info.plist */ = {isa = PBXFileReference; lastKnownFileType = text.plist.xml; path = Info.plist; sourceTree = "<group>"; };
		873EC01E26D39057003C3525 /* ThingLogTests.xctest */ = {isa = PBXFileReference; explicitFileType = wrapper.cfbundle; includeInIndex = 0; path = ThingLogTests.xctest; sourceTree = BUILT_PRODUCTS_DIR; };
		873EC02226D39057003C3525 /* ThingLogTests.swift */ = {isa = PBXFileReference; lastKnownFileType = sourcecode.swift; path = ThingLogTests.swift; sourceTree = "<group>"; };
		873EC02426D39057003C3525 /* Info.plist */ = {isa = PBXFileReference; lastKnownFileType = text.plist.xml; path = Info.plist; sourceTree = "<group>"; };
		873EC02926D39057003C3525 /* ThingLogUITests.xctest */ = {isa = PBXFileReference; explicitFileType = wrapper.cfbundle; includeInIndex = 0; path = ThingLogUITests.xctest; sourceTree = BUILT_PRODUCTS_DIR; };
		873EC02D26D39057003C3525 /* ThingLogUITests.swift */ = {isa = PBXFileReference; lastKnownFileType = sourcecode.swift; path = ThingLogUITests.swift; sourceTree = "<group>"; };
		873EC02F26D39057003C3525 /* Info.plist */ = {isa = PBXFileReference; lastKnownFileType = text.plist.xml; path = Info.plist; sourceTree = "<group>"; };
		873EC03C26D504BA003C3525 /* RxRelay.xcframework */ = {isa = PBXFileReference; lastKnownFileType = wrapper.xcframework; name = RxRelay.xcframework; path = Carthage/Build/RxRelay.xcframework; sourceTree = "<group>"; };
		873EC03D26D504BA003C3525 /* RxTest.xcframework */ = {isa = PBXFileReference; lastKnownFileType = wrapper.xcframework; name = RxTest.xcframework; path = Carthage/Build/RxTest.xcframework; sourceTree = "<group>"; };
		873EC03E26D504BA003C3525 /* RxSwift.xcframework */ = {isa = PBXFileReference; lastKnownFileType = wrapper.xcframework; name = RxSwift.xcframework; path = Carthage/Build/RxSwift.xcframework; sourceTree = "<group>"; };
		873EC03F26D504BA003C3525 /* RxBlocking.xcframework */ = {isa = PBXFileReference; lastKnownFileType = wrapper.xcframework; name = RxBlocking.xcframework; path = Carthage/Build/RxBlocking.xcframework; sourceTree = "<group>"; };
		873EC04026D504BA003C3525 /* RxCocoa.xcframework */ = {isa = PBXFileReference; lastKnownFileType = wrapper.xcframework; name = RxCocoa.xcframework; path = Carthage/Build/RxCocoa.xcframework; sourceTree = "<group>"; };
		873EC04D26D5068F003C3525 /* .swiftlint.yml */ = {isa = PBXFileReference; lastKnownFileType = text.yaml; path = .swiftlint.yml; sourceTree = "<group>"; };
		874D92F6271AD0A9005FF8F3 /* DisableSelectionTextField.swift */ = {isa = PBXFileReference; lastKnownFileType = sourcecode.swift; path = DisableSelectionTextField.swift; sourceTree = "<group>"; };
		874D92F8271AD672005FF8F3 /* DummyData.swift */ = {isa = PBXFileReference; lastKnownFileType = sourcecode.swift; path = DummyData.swift; sourceTree = "<group>"; };
		875A965F26F0E4EB001BF0D0 /* CoreDataStack.swift */ = {isa = PBXFileReference; lastKnownFileType = sourcecode.swift; path = CoreDataStack.swift; sourceTree = "<group>"; };
		876243DF2708701B00BDA1DC /* WriteType.swift */ = {isa = PBXFileReference; lastKnownFileType = sourcecode.swift; path = WriteType.swift; sourceTree = "<group>"; };
		876243E12708704800BDA1DC /* WriteTypeButton.swift */ = {isa = PBXFileReference; lastKnownFileType = sourcecode.swift; path = WriteTypeButton.swift; sourceTree = "<group>"; };
		876C157827044BA0000C1C84 /* RepositoryError.swift */ = {isa = PBXFileReference; lastKnownFileType = sourcecode.swift; path = RepositoryError.swift; sourceTree = "<group>"; };
		876C157A27044DFF000C1C84 /* CategoryEntity.swift */ = {isa = PBXFileReference; lastKnownFileType = sourcecode.swift; path = CategoryEntity.swift; sourceTree = "<group>"; };
		876C157C27047B19000C1C84 /* CategoryRepository.swift */ = {isa = PBXFileReference; lastKnownFileType = sourcecode.swift; path = CategoryRepository.swift; sourceTree = "<group>"; };
		87A86C8A2714139F008FB3F0 /* WriteTextFieldCell.swift */ = {isa = PBXFileReference; lastKnownFileType = sourcecode.swift; path = WriteTextFieldCell.swift; sourceTree = "<group>"; };
		87A86C8C271414D2008FB3F0 /* WriteRatingCell.swift */ = {isa = PBXFileReference; lastKnownFileType = sourcecode.swift; path = WriteRatingCell.swift; sourceTree = "<group>"; };
		87A86C8E27141507008FB3F0 /* RatingView.swift */ = {isa = PBXFileReference; lastKnownFileType = sourcecode.swift; path = RatingView.swift; sourceTree = "<group>"; };
		87A86C9027141576008FB3F0 /* WriteTextViewCell.swift */ = {isa = PBXFileReference; lastKnownFileType = sourcecode.swift; path = WriteTextViewCell.swift; sourceTree = "<group>"; };
		87ACB0B127229A3000C78C86 /* CenterTextButton.swift */ = {isa = PBXFileReference; lastKnownFileType = sourcecode.swift; path = CenterTextButton.swift; sourceTree = "<group>"; };
		87ACB0B327229E2B00C78C86 /* WriteImageTableCell.swift */ = {isa = PBXFileReference; lastKnownFileType = sourcecode.swift; path = WriteImageTableCell.swift; sourceTree = "<group>"; };
		87B1B6542715E252001EA889 /* LabelWithButtonRoundCollectionCell.swift */ = {isa = PBXFileReference; lastKnownFileType = sourcecode.swift; path = LabelWithButtonRoundCollectionCell.swift; sourceTree = "<group>"; };
		87B1B6562715E2F0001EA889 /* WriteCategoryTableCell.swift */ = {isa = PBXFileReference; lastKnownFileType = sourcecode.swift; path = WriteCategoryTableCell.swift; sourceTree = "<group>"; };
		87BB17A62709898F0088B847 /* WriteViewController.swift */ = {isa = PBXFileReference; lastKnownFileType = sourcecode.swift; path = WriteViewController.swift; sourceTree = "<group>"; };
		87BB17A827098A720088B847 /* WriteCoordinator.swift */ = {isa = PBXFileReference; lastKnownFileType = sourcecode.swift; path = WriteCoordinator.swift; sourceTree = "<group>"; };
		87BB17AA27098D760088B847 /* WriteViewModel.swift */ = {isa = PBXFileReference; lastKnownFileType = sourcecode.swift; path = WriteViewModel.swift; sourceTree = "<group>"; };
		87BB17AC27098F480088B847 /* WriteViewController+setup.swift */ = {isa = PBXFileReference; lastKnownFileType = sourcecode.swift; path = "WriteViewController+setup.swift"; sourceTree = "<group>"; };
		87BEF07A2705C80D00797ECD /* ThingLogCategoryRepositoryTests.swift */ = {isa = PBXFileReference; lastKnownFileType = sourcecode.swift; path = ThingLogCategoryRepositoryTests.swift; sourceTree = "<group>"; };
		87DAEB1A270BEAE50038C487 /* CameraButtonCollectionCell.swift */ = {isa = PBXFileReference; lastKnownFileType = sourcecode.swift; path = CameraButtonCollectionCell.swift; sourceTree = "<group>"; };
		87DAEB1C270BEC170038C487 /* ThumbnailCell.swift */ = {isa = PBXFileReference; lastKnownFileType = sourcecode.swift; path = ThumbnailCell.swift; sourceTree = "<group>"; };
		87F2188226FB5B4100C3FBCA /* ThingLogPostRepositoryTests.swift */ = {isa = PBXFileReference; lastKnownFileType = sourcecode.swift; path = ThingLogPostRepositoryTests.swift; sourceTree = "<group>"; };
		87F2188526FB5DFB00C3FBCA /* Post.swift */ = {isa = PBXFileReference; lastKnownFileType = sourcecode.swift; path = Post.swift; sourceTree = "<group>"; };
		87F2188826FB5E9500C3FBCA /* PostRepository.swift */ = {isa = PBXFileReference; lastKnownFileType = sourcecode.swift; path = PostRepository.swift; sourceTree = "<group>"; };
		87F2188D26FB8ACA00C3FBCA /* PostType.swift */ = {isa = PBXFileReference; lastKnownFileType = sourcecode.swift; path = PostType.swift; sourceTree = "<group>"; };
		87F2188F26FB8D6A00C3FBCA /* PostTypeEntity+.swift */ = {isa = PBXFileReference; lastKnownFileType = sourcecode.swift; path = "PostTypeEntity+.swift"; sourceTree = "<group>"; };
		DB00D210272A8A79003FC9C3 /* SelectingDrawerViewController.swift */ = {isa = PBXFileReference; lastKnownFileType = sourcecode.swift; path = SelectingDrawerViewController.swift; sourceTree = "<group>"; };
		DB00D215272A8D2F003FC9C3 /* DrawerViewController.swift */ = {isa = PBXFileReference; lastKnownFileType = sourcecode.swift; path = DrawerViewController.swift; sourceTree = "<group>"; };
		DB00D217272A8DB0003FC9C3 /* DrawerCoordinator.swift */ = {isa = PBXFileReference; lastKnownFileType = sourcecode.swift; path = DrawerCoordinator.swift; sourceTree = "<group>"; };
		DB00D21B272AD76E003FC9C3 /* ImageWithTwoLabelVerticalCetnerXView.swift */ = {isa = PBXFileReference; lastKnownFileType = sourcecode.swift; path = ImageWithTwoLabelVerticalCetnerXView.swift; sourceTree = "<group>"; };
		DB00D21D272ADB68003FC9C3 /* DrawerCollectionCell.swift */ = {isa = PBXFileReference; lastKnownFileType = sourcecode.swift; path = DrawerCollectionCell.swift; sourceTree = "<group>"; };
		DB05B03B271853CE0067DB17 /* LeftRightButtonView.swift */ = {isa = PBXFileReference; lastKnownFileType = sourcecode.swift; path = LeftRightButtonView.swift; sourceTree = "<group>"; };
		DB05B03D27185B780067DB17 /* TrashViewController.swift */ = {isa = PBXFileReference; lastKnownFileType = sourcecode.swift; path = TrashViewController.swift; sourceTree = "<group>"; };
		DB05B03F27185C500067DB17 /* UIViewController+.swift */ = {isa = PBXFileReference; lastKnownFileType = sourcecode.swift; path = "UIViewController+.swift"; sourceTree = "<group>"; };
		DB05B04B271F04E50067DB17 /* TextFieldWithLabelWithButtonCollectionCell.swift */ = {isa = PBXFileReference; lastKnownFileType = sourcecode.swift; path = TextFieldWithLabelWithButtonCollectionCell.swift; sourceTree = "<group>"; };
		DB05B04D271F09260067DB17 /* LoginTopHeaderView.swift */ = {isa = PBXFileReference; lastKnownFileType = sourcecode.swift; path = LoginTopHeaderView.swift; sourceTree = "<group>"; };
		DB05B04F271F0AB00067DB17 /* LoginCollectionSection.swift */ = {isa = PBXFileReference; lastKnownFileType = sourcecode.swift; path = LoginCollectionSection.swift; sourceTree = "<group>"; };
		DB05B051271F0D4B0067DB17 /* LoginViewController.swift */ = {isa = PBXFileReference; lastKnownFileType = sourcecode.swift; path = LoginViewController.swift; sourceTree = "<group>"; };
		DB05B053271FEABB0067DB17 /* LoginViewController+dequeueCell.swift */ = {isa = PBXFileReference; lastKnownFileType = sourcecode.swift; path = "LoginViewController+dequeueCell.swift"; sourceTree = "<group>"; };
		DB05B055271FEAFA0067DB17 /* LoginViewController+subscribe.swift */ = {isa = PBXFileReference; lastKnownFileType = sourcecode.swift; path = "LoginViewController+subscribe.swift"; sourceTree = "<group>"; };
		DB05B057271FFEF80067DB17 /* Settings.bundle */ = {isa = PBXFileReference; lastKnownFileType = "wrapper.plug-in"; path = Settings.bundle; sourceTree = "<group>"; };
		DB148C1F27043CFC00FDC48F /* DropBoxView.swift */ = {isa = PBXFileReference; lastKnownFileType = sourcecode.swift; path = DropBoxView.swift; sourceTree = "<group>"; };
		DB148C212704623200FDC48F /* InsetButton.swift */ = {isa = PBXFileReference; lastKnownFileType = sourcecode.swift; path = InsetButton.swift; sourceTree = "<group>"; };
		DB148C25270469B300FDC48F /* Date+.swift */ = {isa = PBXFileReference; lastKnownFileType = sourcecode.swift; path = "Date+.swift"; sourceTree = "<group>"; };
		DB148C272704A1A500FDC48F /* IgnoreTouchView.swift */ = {isa = PBXFileReference; lastKnownFileType = sourcecode.swift; path = IgnoreTouchView.swift; sourceTree = "<group>"; };
		DB148C2B2705855A00FDC48F /* EasyLookTabTypeButton.swift */ = {isa = PBXFileReference; lastKnownFileType = sourcecode.swift; path = EasyLookTabTypeButton.swift; sourceTree = "<group>"; };
		DB148C2F2705863100FDC48F /* EasyLookTabView.swift */ = {isa = PBXFileReference; lastKnownFileType = sourcecode.swift; path = EasyLookTabView.swift; sourceTree = "<group>"; };
		DB1745B62708700200EF083E /* SearchTextField.swift */ = {isa = PBXFileReference; lastKnownFileType = sourcecode.swift; path = SearchTextField.swift; sourceTree = "<group>"; };
		DB1745B827098E8A00EF083E /* RecentSearchDataViewModel.swift */ = {isa = PBXFileReference; lastKnownFileType = sourcecode.swift; path = RecentSearchDataViewModel.swift; sourceTree = "<group>"; };
		DB22327D27183378002ED30D /* TwoLabelVerticalHeaderView.swift */ = {isa = PBXFileReference; lastKnownFileType = sourcecode.swift; path = TwoLabelVerticalHeaderView.swift; sourceTree = "<group>"; };
		DB22B6BD270ECA20005F9971 /* PostContentsCollectionViewController.swift */ = {isa = PBXFileReference; lastKnownFileType = sourcecode.swift; path = PostContentsCollectionViewController.swift; sourceTree = "<group>"; };
		DB2B8AFC272151A800A02090 /* AlertViewController.swift */ = {isa = PBXFileReference; lastKnownFileType = sourcecode.swift; path = AlertViewController.swift; sourceTree = "<group>"; };
		DB331DA626FDD00A00A629F5 /* ColorsAsset.swift */ = {isa = PBXFileReference; fileEncoding = 4; lastKnownFileType = sourcecode.swift; path = ColorsAsset.swift; sourceTree = "<group>"; };
		DB331DA726FDD00A00A629F5 /* ImageAssets.swift */ = {isa = PBXFileReference; fileEncoding = 4; lastKnownFileType = sourcecode.swift; path = ImageAssets.swift; sourceTree = "<group>"; };
		DB331DA826FDD00A00A629F5 /* Fonts.swift */ = {isa = PBXFileReference; fileEncoding = 4; lastKnownFileType = sourcecode.swift; path = Fonts.swift; sourceTree = "<group>"; };
		DB37EC76270C307C00030D9A /* RecentSearchView+update.swift */ = {isa = PBXFileReference; lastKnownFileType = sourcecode.swift; path = "RecentSearchView+update.swift"; sourceTree = "<group>"; };
		DB3A5164270FFE0C003B529D /* String+.swift */ = {isa = PBXFileReference; lastKnownFileType = sourcecode.swift; path = "String+.swift"; sourceTree = "<group>"; };
		DB3A516827103B3E003B529D /* EmptyPostView.swift */ = {isa = PBXFileReference; lastKnownFileType = sourcecode.swift; path = EmptyPostView.swift; sourceTree = "<group>"; };
		DB3A516A27103DC4003B529D /* EmptyResultsView.swift */ = {isa = PBXFileReference; lastKnownFileType = sourcecode.swift; path = EmptyResultsView.swift; sourceTree = "<group>"; };
		DB62C4BD272BD9E9000ED955 /* DrawerHeaderView.swift */ = {isa = PBXFileReference; lastKnownFileType = sourcecode.swift; path = DrawerHeaderView.swift; sourceTree = "<group>"; };
		DB69095C2712B5EB00BB54E4 /* ThingLogPostTypeRequestTest.swift */ = {isa = PBXFileReference; lastKnownFileType = sourcecode.swift; path = ThingLogPostTypeRequestTest.swift; sourceTree = "<group>"; };
		DB69095E2712C55F00BB54E4 /* SearchResultsViewModel.swift */ = {isa = PBXFileReference; lastKnownFileType = sourcecode.swift; path = SearchResultsViewModel.swift; sourceTree = "<group>"; };
		DB6909602712DA8100BB54E4 /* SettingViewController.swift */ = {isa = PBXFileReference; lastKnownFileType = sourcecode.swift; path = SettingViewController.swift; sourceTree = "<group>"; };
		DB6909622712DB0800BB54E4 /* SettingCoordinator.swift */ = {isa = PBXFileReference; lastKnownFileType = sourcecode.swift; path = SettingCoordinator.swift; sourceTree = "<group>"; };
		DB7C04A526F5F281009F5C0A /* Coordinator.swift */ = {isa = PBXFileReference; lastKnownFileType = sourcecode.swift; path = Coordinator.swift; sourceTree = "<group>"; };
		DB7C04A726F5F2BB009F5C0A /* HomeCoordinator.swift */ = {isa = PBXFileReference; lastKnownFileType = sourcecode.swift; path = HomeCoordinator.swift; sourceTree = "<group>"; };
		DB7C04A926F5F308009F5C0A /* EasyLookCoordinator.swift */ = {isa = PBXFileReference; lastKnownFileType = sourcecode.swift; path = EasyLookCoordinator.swift; sourceTree = "<group>"; };
		DB7C04B126F87548009F5C0A /* TabBarController.swift */ = {isa = PBXFileReference; lastKnownFileType = sourcecode.swift; path = TabBarController.swift; sourceTree = "<group>"; };
		DB7C04B526F8782B009F5C0A /* EasyLookViewController.swift */ = {isa = PBXFileReference; lastKnownFileType = sourcecode.swift; path = EasyLookViewController.swift; sourceTree = "<group>"; };
		DB7C04B826F87BE9009F5C0A /* ChoiceWritingView.swift */ = {isa = PBXFileReference; lastKnownFileType = sourcecode.swift; path = ChoiceWritingView.swift; sourceTree = "<group>"; };
		DB7C04BD26F9BE72009F5C0A /* ProfileView.swift */ = {isa = PBXFileReference; lastKnownFileType = sourcecode.swift; path = ProfileView.swift; sourceTree = "<group>"; };
		DB7C04C626F9E693009F5C0A /* UserInformationViewModel.swift */ = {isa = PBXFileReference; lastKnownFileType = sourcecode.swift; path = UserInformationViewModel.swift; sourceTree = "<group>"; };
		DB7C04C926F9E69D009F5C0A /* UserDefaults+.swift */ = {isa = PBXFileReference; lastKnownFileType = sourcecode.swift; path = "UserDefaults+.swift"; sourceTree = "<group>"; };
		DB7C04E426FB1981009F5C0A /* BaseContentsCollectionViewController.swift */ = {isa = PBXFileReference; lastKnownFileType = sourcecode.swift; path = BaseContentsCollectionViewController.swift; sourceTree = "<group>"; };
		DB7C04E826FB19AE009F5C0A /* ContentsCollectionViewCell.swift */ = {isa = PBXFileReference; lastKnownFileType = sourcecode.swift; name = ContentsCollectionViewCell.swift; path = ThingLog/ViewController/ContentsCollection/ContentsCollectionViewCell.swift; sourceTree = SOURCE_ROOT; };
		DB7C04EB26FB1A04009F5C0A /* UIView+.swift */ = {isa = PBXFileReference; lastKnownFileType = sourcecode.swift; path = "UIView+.swift"; sourceTree = "<group>"; };
		DB7C04ED26FB1ACE009F5C0A /* ContentsTabView.swift */ = {isa = PBXFileReference; lastKnownFileType = sourcecode.swift; path = ContentsTabView.swift; sourceTree = "<group>"; };
		DB7C04EF26FB1EFF009F5C0A /* HomeViewController.swift */ = {isa = PBXFileReference; lastKnownFileType = sourcecode.swift; path = HomeViewController.swift; sourceTree = "<group>"; };
		DB7C04F126FB1F36009F5C0A /* ContentsPageViewController.swift */ = {isa = PBXFileReference; lastKnownFileType = sourcecode.swift; path = ContentsPageViewController.swift; sourceTree = "<group>"; };
		DB7C04FB26FB27A6009F5C0A /* TemplateImageButton.swift */ = {isa = PBXFileReference; lastKnownFileType = sourcecode.swift; path = TemplateImageButton.swift; sourceTree = "<group>"; };
		DB87730B270B430C00401961 /* RecentSearchDataViewModelProtocol.swift */ = {isa = PBXFileReference; lastKnownFileType = sourcecode.swift; path = RecentSearchDataViewModelProtocol.swift; sourceTree = "<group>"; };
		DB8BF6782705D25700FD5FDB /* LogoView.swift */ = {isa = PBXFileReference; lastKnownFileType = sourcecode.swift; path = LogoView.swift; sourceTree = "<group>"; };
		DB8BF6802706D89E00FD5FDB /* ResultsWithDropBoxView.swift */ = {isa = PBXFileReference; lastKnownFileType = sourcecode.swift; path = ResultsWithDropBoxView.swift; sourceTree = "<group>"; };
		DB8BF6822706DA7900FD5FDB /* EasyLookTopView.swift */ = {isa = PBXFileReference; lastKnownFileType = sourcecode.swift; path = EasyLookTopView.swift; sourceTree = "<group>"; };
		DBA0F8182709A79A009553FC /* ThingLogRecentSearchDataTests.swift */ = {isa = PBXFileReference; lastKnownFileType = sourcecode.swift; path = ThingLogRecentSearchDataTests.swift; sourceTree = "<group>"; };
		DBA0F81B2709B390009553FC /* LeftLabelRightButtonTableCell.swift */ = {isa = PBXFileReference; lastKnownFileType = sourcecode.swift; path = LeftLabelRightButtonTableCell.swift; sourceTree = "<group>"; };
		DBA0F81D2709BD41009553FC /* RecentSearchView.swift */ = {isa = PBXFileReference; lastKnownFileType = sourcecode.swift; path = RecentSearchView.swift; sourceTree = "<group>"; };
		DBA0F81F270AF0A4009553FC /* ResultCollectionSection.swift */ = {isa = PBXFileReference; lastKnownFileType = sourcecode.swift; path = ResultCollectionSection.swift; sourceTree = "<group>"; };
		DBA0F821270AF656009553FC /* ContentsDetailCollectionViewCell.swift */ = {isa = PBXFileReference; lastKnownFileType = sourcecode.swift; path = ContentsDetailCollectionViewCell.swift; sourceTree = "<group>"; };
		DBA0F824270B07D8009553FC /* LeftLabelRightButtonHeaderView.swift */ = {isa = PBXFileReference; lastKnownFileType = sourcecode.swift; path = LeftLabelRightButtonHeaderView.swift; sourceTree = "<group>"; };
		DBA0F828270B26A0009553FC /* SearchResultsViewController.swift */ = {isa = PBXFileReference; lastKnownFileType = sourcecode.swift; path = SearchResultsViewController.swift; sourceTree = "<group>"; };
		DBA1FD3C26FB6F1D00F50DE5 /* ko */ = {isa = PBXFileReference; lastKnownFileType = text.plist.strings; name = ko; path = ko.lproj/LaunchScreen.strings; sourceTree = "<group>"; };
		DBA1FD4626FB701C00F50DE5 /* ko */ = {isa = PBXFileReference; lastKnownFileType = text.plist.strings; name = ko; path = ko.lproj/InfoPlist.strings; sourceTree = "<group>"; };
		DBA1FD4826FB701F00F50DE5 /* en */ = {isa = PBXFileReference; lastKnownFileType = text.plist.strings; name = en; path = en.lproj/InfoPlist.strings; sourceTree = "<group>"; };
		DBAB64A626FE2AFF006D95ED /* UIImage+.swift */ = {isa = PBXFileReference; lastKnownFileType = sourcecode.swift; path = "UIImage+.swift"; sourceTree = "<group>"; };
		DBAE8E9326FDB3EE00F536AD /* Pretendard-Bold.otf */ = {isa = PBXFileReference; lastKnownFileType = file; path = "Pretendard-Bold.otf"; sourceTree = "<group>"; };
		DBAE8E9426FDB3EE00F536AD /* Pretendard-Regular.otf */ = {isa = PBXFileReference; lastKnownFileType = file; path = "Pretendard-Regular.otf"; sourceTree = "<group>"; };
		DBAE8E9526FDB3EE00F536AD /* Pretendard-SemiBold.otf */ = {isa = PBXFileReference; lastKnownFileType = file; path = "Pretendard-SemiBold.otf"; sourceTree = "<group>"; };
		DBAE8EB026FDBEAE00F536AD /* swiftgen.yml */ = {isa = PBXFileReference; fileEncoding = 4; lastKnownFileType = text.yaml; path = swiftgen.yml; sourceTree = "<group>"; };
		DBAE8EBA26FDCA7B00F536AD /* Colors.xcassets */ = {isa = PBXFileReference; lastKnownFileType = folder.assetcatalog; path = Colors.xcassets; sourceTree = "<group>"; };
		DBC45A9B270F24B800AB9499 /* DummyProtocol.swift */ = {isa = PBXFileReference; lastKnownFileType = sourcecode.swift; path = DummyProtocol.swift; sourceTree = "<group>"; };
		DBC45A9D270F25E400AB9499 /* ThingLogPostCategoryRequestTests.swift */ = {isa = PBXFileReference; lastKnownFileType = sourcecode.swift; path = ThingLogPostCategoryRequestTests.swift; sourceTree = "<group>"; };
		DBC45A9F270F266800AB9499 /* ThingLogPostSearchRequestTests.swift */ = {isa = PBXFileReference; lastKnownFileType = sourcecode.swift; path = ThingLogPostSearchRequestTests.swift; sourceTree = "<group>"; };
		DBD1054C2729560600632168 /* RootCoordinator.swift */ = {isa = PBXFileReference; lastKnownFileType = sourcecode.swift; path = RootCoordinator.swift; sourceTree = "<group>"; };
		DBD105502729726400632168 /* RoundCenterTextButton.swift */ = {isa = PBXFileReference; lastKnownFileType = sourcecode.swift; path = RoundCenterTextButton.swift; sourceTree = "<group>"; };
		DBD2244427085651004C5184 /* EasyLookViewController+setup.swift */ = {isa = PBXFileReference; lastKnownFileType = sourcecode.swift; path = "EasyLookViewController+setup.swift"; sourceTree = "<group>"; };
		DBD2244627085671004C5184 /* EasyLookViewController+subscribe.swift */ = {isa = PBXFileReference; lastKnownFileType = sourcecode.swift; path = "EasyLookViewController+subscribe.swift"; sourceTree = "<group>"; };
		DBD2244A27085DFB004C5184 /* SearchViewController.swift */ = {isa = PBXFileReference; lastKnownFileType = sourcecode.swift; path = SearchViewController.swift; sourceTree = "<group>"; };
		DBD5454627032B1C00063C98 /* FilterType.swift */ = {isa = PBXFileReference; lastKnownFileType = sourcecode.swift; path = FilterType.swift; sourceTree = "<group>"; };
		DBD5454827032BAA00063C98 /* EasyLookTabType.swift */ = {isa = PBXFileReference; lastKnownFileType = sourcecode.swift; path = EasyLookTabType.swift; sourceTree = "<group>"; };
		DBD5454B27032C6600063C98 /* EasyLookViewModel.swift */ = {isa = PBXFileReference; lastKnownFileType = sourcecode.swift; path = EasyLookViewModel.swift; sourceTree = "<group>"; };
		DBD5454F27033D9A00063C98 /* ButtonRoundCollectionCell.swift */ = {isa = PBXFileReference; lastKnownFileType = sourcecode.swift; path = ButtonRoundCollectionCell.swift; sourceTree = "<group>"; };
		DBD545512703409300063C98 /* HorizontalCollectionView.swift */ = {isa = PBXFileReference; lastKnownFileType = sourcecode.swift; path = HorizontalCollectionView.swift; sourceTree = "<group>"; };
/* End PBXFileReference section */

/* Begin PBXFrameworksBuildPhase section */
		873EC00226D39055003C3525 /* Frameworks */ = {
			isa = PBXFrameworksBuildPhase;
			buildActionMask = 2147483647;
			files = (
				873EC04726D504BA003C3525 /* RxBlocking.xcframework in Frameworks */,
				873EC04526D504BA003C3525 /* RxSwift.xcframework in Frameworks */,
				873EC04926D504BA003C3525 /* RxCocoa.xcframework in Frameworks */,
				873EC04126D504BA003C3525 /* RxRelay.xcframework in Frameworks */,
			);
			runOnlyForDeploymentPostprocessing = 0;
		};
		873EC01B26D39057003C3525 /* Frameworks */ = {
			isa = PBXFrameworksBuildPhase;
			buildActionMask = 2147483647;
			files = (
			);
			runOnlyForDeploymentPostprocessing = 0;
		};
		873EC02626D39057003C3525 /* Frameworks */ = {
			isa = PBXFrameworksBuildPhase;
			buildActionMask = 2147483647;
			files = (
			);
			runOnlyForDeploymentPostprocessing = 0;
		};
/* End PBXFrameworksBuildPhase section */

/* Begin PBXGroup section */
		873EBFFC26D39055003C3525 = {
			isa = PBXGroup;
			children = (
				873EC04D26D5068F003C3525 /* .swiftlint.yml */,
				DBAE8EB026FDBEAE00F536AD /* swiftgen.yml */,
				873EC00726D39055003C3525 /* ThingLog */,
				873EC02126D39057003C3525 /* ThingLogTests */,
				873EC02C26D39057003C3525 /* ThingLogUITests */,
				873EC00626D39055003C3525 /* Products */,
				873EC03B26D504BA003C3525 /* Frameworks */,
			);
			sourceTree = "<group>";
		};
		873EC00626D39055003C3525 /* Products */ = {
			isa = PBXGroup;
			children = (
				873EC00526D39055003C3525 /* ThingLog.app */,
				873EC01E26D39057003C3525 /* ThingLogTests.xctest */,
				873EC02926D39057003C3525 /* ThingLogUITests.xctest */,
			);
			name = Products;
			sourceTree = "<group>";
		};
		873EC00726D39055003C3525 /* ThingLog */ = {
			isa = PBXGroup;
			children = (
				DBAE8E9226FDB39C00F536AD /* Resource */,
				DBAE8E9126FDAE7500F536AD /* SwiftGen */,
				87F2188A26FB78B700C3FBCA /* Entity */,
				87F2188726FB5E6000C3FBCA /* Repository */,
				DB7C04A426F5F26B009F5C0A /* Coordinator */,
				DB7C04EA26FB19FE009F5C0A /* Extension */,
				875A965E26F0E4DC001BF0D0 /* Model */,
				873EC05026D50825003C3525 /* SupportingFiles */,
				DB7C04E626FB1990009F5C0A /* View */,
				DB7C04DF26FB18F4009F5C0A /* ViewController */,
				873EC00C26D39055003C3525 /* ViewController.swift */,
				DB7C04C326F9E66F009F5C0A /* ViewModel */,
			);
			path = ThingLog;
			sourceTree = "<group>";
		};
		873EC02126D39057003C3525 /* ThingLogTests */ = {
			isa = PBXGroup;
			children = (
				DBC45A9B270F24B800AB9499 /* DummyProtocol.swift */,
				873EC02426D39057003C3525 /* Info.plist */,
				87BEF07A2705C80D00797ECD /* ThingLogCategoryRepositoryTests.swift */,
				DBC45A9D270F25E400AB9499 /* ThingLogPostCategoryRequestTests.swift */,
				87F2188226FB5B4100C3FBCA /* ThingLogPostRepositoryTests.swift */,
				DBC45A9F270F266800AB9499 /* ThingLogPostSearchRequestTests.swift */,
				DB69095C2712B5EB00BB54E4 /* ThingLogPostTypeRequestTest.swift */,
				DBA0F8182709A79A009553FC /* ThingLogRecentSearchDataTests.swift */,
				873EC02226D39057003C3525 /* ThingLogTests.swift */,
			);
			path = ThingLogTests;
			sourceTree = "<group>";
		};
		873EC02C26D39057003C3525 /* ThingLogUITests */ = {
			isa = PBXGroup;
			children = (
				873EC02D26D39057003C3525 /* ThingLogUITests.swift */,
				873EC02F26D39057003C3525 /* Info.plist */,
			);
			path = ThingLogUITests;
			sourceTree = "<group>";
		};
		873EC03B26D504BA003C3525 /* Frameworks */ = {
			isa = PBXGroup;
			children = (
				873EC03F26D504BA003C3525 /* RxBlocking.xcframework */,
				873EC04026D504BA003C3525 /* RxCocoa.xcframework */,
				873EC03C26D504BA003C3525 /* RxRelay.xcframework */,
				873EC03E26D504BA003C3525 /* RxSwift.xcframework */,
				873EC03D26D504BA003C3525 /* RxTest.xcframework */,
			);
			name = Frameworks;
			sourceTree = "<group>";
		};
		873EC05026D50825003C3525 /* SupportingFiles */ = {
			isa = PBXGroup;
			children = (
				873EC00826D39055003C3525 /* AppDelegate.swift */,
				874D92F8271AD672005FF8F3 /* DummyData.swift */,
				873EC01926D39057003C3525 /* Info.plist */,
				DBA1FD4726FB701C00F50DE5 /* InfoPlist.strings */,
				873EC01626D39057003C3525 /* LaunchScreen.storyboard */,
				873EC00A26D39055003C3525 /* SceneDelegate.swift */,
				DB05B057271FFEF80067DB17 /* Settings.bundle */,
				87078B5926EA44B5007AE242 /* ThingLog.xcdatamodeld */,
			);
			path = SupportingFiles;
			sourceTree = "<group>";
		};
		875A965E26F0E4DC001BF0D0 /* Model */ = {
			isa = PBXGroup;
			children = (
				8736B3F126FDC281000433E1 /* Attachment.swift */,
				8736B3E826FCBE28000433E1 /* Category.swift */,
				8736B3EE26FDC1AD000433E1 /* Comment.swift */,
				875A965F26F0E4EB001BF0D0 /* CoreDataStack.swift */,
				DBD5454827032BAA00063C98 /* EasyLookTabType.swift */,
				DBD5454627032B1C00063C98 /* FilterType.swift */,
				DB05B04F271F0AB00067DB17 /* LoginCollectionSection.swift */,
				87F2188526FB5DFB00C3FBCA /* Post.swift */,
				87F2188D26FB8ACA00C3FBCA /* PostType.swift */,
				8736B3E226FCB9F3000433E1 /* Rating.swift */,
				DBA0F81F270AF0A4009553FC /* ResultCollectionSection.swift */,
				876243DF2708701B00BDA1DC /* WriteType.swift */,
			);
			path = Model;
			sourceTree = "<group>";
		};
		87F2188726FB5E6000C3FBCA /* Repository */ = {
			isa = PBXGroup;
			children = (
				876C157C27047B19000C1C84 /* CategoryRepository.swift */,
				87F2188826FB5E9500C3FBCA /* PostRepository.swift */,
				876C157827044BA0000C1C84 /* RepositoryError.swift */,
			);
			path = Repository;
			sourceTree = "<group>";
		};
		87F2188A26FB78B700C3FBCA /* Entity */ = {
			isa = PBXGroup;
			children = (
				876C157A27044DFF000C1C84 /* CategoryEntity.swift */,
				8736B3F526FE245A000433E1 /* PostEntity+.swift */,
				87F2188F26FB8D6A00C3FBCA /* PostTypeEntity+.swift */,
				8736B3E426FCBA77000433E1 /* RatingEntity+.swift */,
			);
			path = Entity;
			sourceTree = "<group>";
		};
		DB00D214272A8D1E003FC9C3 /* Drawer */ = {
			isa = PBXGroup;
			children = (
				DB00D215272A8D2F003FC9C3 /* DrawerViewController.swift */,
				DB00D210272A8A79003FC9C3 /* SelectingDrawerViewController.swift */,
			);
			path = Drawer;
			sourceTree = "<group>";
		};
		DB7C04A426F5F26B009F5C0A /* Coordinator */ = {
			isa = PBXGroup;
			children = (
				DB7C04A526F5F281009F5C0A /* Coordinator.swift */,
				DB00D217272A8DB0003FC9C3 /* DrawerCoordinator.swift */,
				DB7C04A926F5F308009F5C0A /* EasyLookCoordinator.swift */,
				DB7C04A726F5F2BB009F5C0A /* HomeCoordinator.swift */,
				DBD1054C2729560600632168 /* RootCoordinator.swift */,
				DB6909622712DB0800BB54E4 /* SettingCoordinator.swift */,
				87BB17A827098A720088B847 /* WriteCoordinator.swift */,
			);
			path = Coordinator;
			sourceTree = "<group>";
		};
		DB7C04C326F9E66F009F5C0A /* ViewModel */ = {
			isa = PBXGroup;
			children = (
				DBD5454B27032C6600063C98 /* EasyLookViewModel.swift */,
				DB1745B827098E8A00EF083E /* RecentSearchDataViewModel.swift */,
				DB87730B270B430C00401961 /* RecentSearchDataViewModelProtocol.swift */,
				DB69095E2712C55F00BB54E4 /* SearchResultsViewModel.swift */,
				DB7C04C626F9E693009F5C0A /* UserInformationViewModel.swift */,
				87BB17AA27098D760088B847 /* WriteViewModel.swift */,
			);
			path = ViewModel;
			sourceTree = "<group>";
		};
		DB7C04DF26FB18F4009F5C0A /* ViewController */ = {
			isa = PBXGroup;
			children = (
				DB00D214272A8D1E003FC9C3 /* Drawer */,
				DB2B8AFC272151A800A02090 /* AlertViewController.swift */,
				8738E1CA271705220069BB80 /* CategoryViewController.swift */,
				DB7C04E026FB1900009F5C0A /* ContentsCollection */,
				DB7C04F126FB1F36009F5C0A /* ContentsPageViewController.swift */,
				DB7C04B526F8782B009F5C0A /* EasyLookViewController.swift */,
				DBD2244427085651004C5184 /* EasyLookViewController+setup.swift */,
				DBD2244627085671004C5184 /* EasyLookViewController+subscribe.swift */,
				DB7C04EF26FB1EFF009F5C0A /* HomeViewController.swift */,
				DB05B051271F0D4B0067DB17 /* LoginViewController.swift */,
				DB05B053271FEABB0067DB17 /* LoginViewController+dequeueCell.swift */,
				DB05B055271FEAFA0067DB17 /* LoginViewController+subscribe.swift */,
				DBA0F828270B26A0009553FC /* SearchResultsViewController.swift */,
				DBD2244A27085DFB004C5184 /* SearchViewController.swift */,
				DB6909602712DA8100BB54E4 /* SettingViewController.swift */,
				DB7C04B126F87548009F5C0A /* TabBarController.swift */,
				DB05B03D27185B780067DB17 /* TrashViewController.swift */,
				87BB17A62709898F0088B847 /* WriteViewController.swift */,
				87BB17AC27098F480088B847 /* WriteViewController+setup.swift */,
			);
			path = ViewController;
			sourceTree = "<group>";
		};
		DB7C04E026FB1900009F5C0A /* ContentsCollection */ = {
			isa = PBXGroup;
			children = (
				DB7C04E426FB1981009F5C0A /* BaseContentsCollectionViewController.swift */,
				DB22B6BD270ECA20005F9971 /* PostContentsCollectionViewController.swift */,
			);
			path = ContentsCollection;
			sourceTree = "<group>";
		};
		DB7C04E626FB1990009F5C0A /* View */ = {
			isa = PBXGroup;
			children = (
				87ACB0B127229A3000C78C86 /* CenterTextButton.swift */,
				DB7C04B826F87BE9009F5C0A /* ChoiceWritingView.swift */,
				DB7C04E726FB199A009F5C0A /* CollectionViewCell */,
				DB7C04ED26FB1ACE009F5C0A /* ContentsTabView.swift */,
				874D92F6271AD0A9005FF8F3 /* DisableSelectionTextField.swift */,
				DB148C1F27043CFC00FDC48F /* DropBoxView.swift */,
				DB148C2B2705855A00FDC48F /* EasyLookTabTypeButton.swift */,
				DB148C2F2705863100FDC48F /* EasyLookTabView.swift */,
				DB8BF6822706DA7900FD5FDB /* EasyLookTopView.swift */,
				DB3A516827103B3E003B529D /* EmptyPostView.swift */,
				DB3A516A27103DC4003B529D /* EmptyResultsView.swift */,
				DBA0F823270B079B009553FC /* HeaderView */,
				DBD545512703409300063C98 /* HorizontalCollectionView.swift */,
				DB148C272704A1A500FDC48F /* IgnoreTouchView.swift */,
				DB00D21B272AD76E003FC9C3 /* ImageWithTwoLabelVerticalCetnerXView.swift */,
				DB148C212704623200FDC48F /* InsetButton.swift */,
				DB05B03B271853CE0067DB17 /* LeftRightButtonView.swift */,
				DB8BF6782705D25700FD5FDB /* LogoView.swift */,
				8738E1CC271708F80069BB80 /* PaddingLabel.swift */,
				DB7C04BD26F9BE72009F5C0A /* ProfileView.swift */,
				87A86C8E27141507008FB3F0 /* RatingView.swift */,
				DBA0F81D2709BD41009553FC /* RecentSearchView.swift */,
				DB37EC76270C307C00030D9A /* RecentSearchView+update.swift */,
				DB8BF6802706D89E00FD5FDB /* ResultsWithDropBoxView.swift */,
				DBD105502729726400632168 /* RoundCenterTextButton.swift */,
				DB1745B62708700200EF083E /* SearchTextField.swift */,
				DBA0F81A2709B37C009553FC /* TableVeiwCell */,
				DB7C04FB26FB27A6009F5C0A /* TemplateImageButton.swift */,
				876243E12708704800BDA1DC /* WriteTypeButton.swift */,
			);
			path = View;
			sourceTree = "<group>";
		};
		DB7C04E726FB199A009F5C0A /* CollectionViewCell */ = {
			isa = PBXGroup;
			children = (
				DBD5454F27033D9A00063C98 /* ButtonRoundCollectionCell.swift */,
				87DAEB1A270BEAE50038C487 /* CameraButtonCollectionCell.swift */,
				DB7C04E826FB19AE009F5C0A /* ContentsCollectionViewCell.swift */,
				DBA0F821270AF656009553FC /* ContentsDetailCollectionViewCell.swift */,
				DB00D21D272ADB68003FC9C3 /* DrawerCollectionCell.swift */,
				87B1B6542715E252001EA889 /* LabelWithButtonRoundCollectionCell.swift */,
				DB05B04B271F04E50067DB17 /* TextFieldWithLabelWithButtonCollectionCell.swift */,
				87DAEB1C270BEC170038C487 /* ThumbnailCell.swift */,
			);
			path = CollectionViewCell;
			sourceTree = "<group>";
		};
		DB7C04EA26FB19FE009F5C0A /* Extension */ = {
			isa = PBXGroup;
			children = (
				DB148C25270469B300FDC48F /* Date+.swift */,
				DB3A5164270FFE0C003B529D /* String+.swift */,
				8736B3F326FDD55E000433E1 /* UIFont+.swift */,
				DBAB64A626FE2AFF006D95ED /* UIImage+.swift */,
				DB7C04EB26FB1A04009F5C0A /* UIView+.swift */,
				DB7C04C926F9E69D009F5C0A /* UserDefaults+.swift */,
				DB05B03F27185C500067DB17 /* UIViewController+.swift */,
			);
			path = Extension;
			sourceTree = "<group>";
		};
		DBA0F81A2709B37C009553FC /* TableVeiwCell */ = {
			isa = PBXGroup;
			children = (
				DBA0F81B2709B390009553FC /* LeftLabelRightButtonTableCell.swift */,
				8738E1CE271709660069BB80 /* RoundLabelWithButtonTableCell.swift */,
				87B1B6562715E2F0001EA889 /* WriteCategoryTableCell.swift */,
				87ACB0B327229E2B00C78C86 /* WriteImageTableCell.swift */,
				87A86C8C271414D2008FB3F0 /* WriteRatingCell.swift */,
				87A86C8A2714139F008FB3F0 /* WriteTextFieldCell.swift */,
				87A86C9027141576008FB3F0 /* WriteTextViewCell.swift */,
			);
			path = TableVeiwCell;
			sourceTree = "<group>";
		};
		DBA0F823270B079B009553FC /* HeaderView */ = {
			isa = PBXGroup;
			children = (
				DB62C4BD272BD9E9000ED955 /* DrawerHeaderView.swift */,
				DBA0F824270B07D8009553FC /* LeftLabelRightButtonHeaderView.swift */,
				DB05B04D271F09260067DB17 /* LoginTopHeaderView.swift */,
				DB22327D27183378002ED30D /* TwoLabelVerticalHeaderView.swift */,
			);
			path = HeaderView;
			sourceTree = "<group>";
		};
		DBAE8E9126FDAE7500F536AD /* SwiftGen */ = {
			isa = PBXGroup;
			children = (
				DB331DA626FDD00A00A629F5 /* ColorsAsset.swift */,
				DB331DA826FDD00A00A629F5 /* Fonts.swift */,
				DB331DA726FDD00A00A629F5 /* ImageAssets.swift */,
			);
			path = SwiftGen;
			sourceTree = "<group>";
		};
		DBAE8E9226FDB39C00F536AD /* Resource */ = {
			isa = PBXGroup;
			children = (
				DBAE8E9926FDB52E00F536AD /* Font */,
				873EC01426D39057003C3525 /* Assets.xcassets */,
				DBAE8EBA26FDCA7B00F536AD /* Colors.xcassets */,
			);
			path = Resource;
			sourceTree = "<group>";
		};
		DBAE8E9926FDB52E00F536AD /* Font */ = {
			isa = PBXGroup;
			children = (
				DBAE8E9326FDB3EE00F536AD /* Pretendard-Bold.otf */,
				DBAE8E9426FDB3EE00F536AD /* Pretendard-Regular.otf */,
				DBAE8E9526FDB3EE00F536AD /* Pretendard-SemiBold.otf */,
			);
			path = Font;
			sourceTree = "<group>";
		};
/* End PBXGroup section */

/* Begin PBXNativeTarget section */
		873EC00426D39055003C3525 /* ThingLog */ = {
			isa = PBXNativeTarget;
			buildConfigurationList = 873EC03226D39057003C3525 /* Build configuration list for PBXNativeTarget "ThingLog" */;
			buildPhases = (
				873EC00126D39055003C3525 /* Sources */,
				873EC00226D39055003C3525 /* Frameworks */,
				873EC00326D39055003C3525 /* Resources */,
				873EC04B26D504BA003C3525 /* Embed Frameworks */,
				873EC04C26D504CD003C3525 /* Carthage Run Script */,
				873EC04F26D5077C003C3525 /* SwiftLint Run Script */,
				DBAE8E9026FDAB7F00F536AD /* SwiftGen Run Script */,
			);
			buildRules = (
			);
			dependencies = (
			);
			name = ThingLog;
			productName = ThingLog;
			productReference = 873EC00526D39055003C3525 /* ThingLog.app */;
			productType = "com.apple.product-type.application";
		};
		873EC01D26D39057003C3525 /* ThingLogTests */ = {
			isa = PBXNativeTarget;
			buildConfigurationList = 873EC03526D39057003C3525 /* Build configuration list for PBXNativeTarget "ThingLogTests" */;
			buildPhases = (
				873EC01A26D39057003C3525 /* Sources */,
				873EC01B26D39057003C3525 /* Frameworks */,
				873EC01C26D39057003C3525 /* Resources */,
			);
			buildRules = (
			);
			dependencies = (
				873EC02026D39057003C3525 /* PBXTargetDependency */,
			);
			name = ThingLogTests;
			productName = ThingLogTests;
			productReference = 873EC01E26D39057003C3525 /* ThingLogTests.xctest */;
			productType = "com.apple.product-type.bundle.unit-test";
		};
		873EC02826D39057003C3525 /* ThingLogUITests */ = {
			isa = PBXNativeTarget;
			buildConfigurationList = 873EC03826D39057003C3525 /* Build configuration list for PBXNativeTarget "ThingLogUITests" */;
			buildPhases = (
				873EC02526D39057003C3525 /* Sources */,
				873EC02626D39057003C3525 /* Frameworks */,
				873EC02726D39057003C3525 /* Resources */,
			);
			buildRules = (
			);
			dependencies = (
				873EC02B26D39057003C3525 /* PBXTargetDependency */,
			);
			name = ThingLogUITests;
			productName = ThingLogUITests;
			productReference = 873EC02926D39057003C3525 /* ThingLogUITests.xctest */;
			productType = "com.apple.product-type.bundle.ui-testing";
		};
/* End PBXNativeTarget section */

/* Begin PBXProject section */
		873EBFFD26D39055003C3525 /* Project object */ = {
			isa = PBXProject;
			attributes = {
				LastSwiftUpdateCheck = 1250;
				LastUpgradeCheck = 1250;
				TargetAttributes = {
					873EC00426D39055003C3525 = {
						CreatedOnToolsVersion = 12.5.1;
					};
					873EC01D26D39057003C3525 = {
						CreatedOnToolsVersion = 12.5.1;
						TestTargetID = 873EC00426D39055003C3525;
					};
					873EC02826D39057003C3525 = {
						CreatedOnToolsVersion = 12.5.1;
						TestTargetID = 873EC00426D39055003C3525;
					};
				};
			};
			buildConfigurationList = 873EC00026D39055003C3525 /* Build configuration list for PBXProject "ThingLog" */;
			compatibilityVersion = "Xcode 9.3";
			developmentRegion = en;
			hasScannedForEncodings = 0;
			knownRegions = (
				en,
				Base,
				ko,
			);
			mainGroup = 873EBFFC26D39055003C3525;
			productRefGroup = 873EC00626D39055003C3525 /* Products */;
			projectDirPath = "";
			projectRoot = "";
			targets = (
				873EC00426D39055003C3525 /* ThingLog */,
				873EC01D26D39057003C3525 /* ThingLogTests */,
				873EC02826D39057003C3525 /* ThingLogUITests */,
			);
		};
/* End PBXProject section */

/* Begin PBXResourcesBuildPhase section */
		873EC00326D39055003C3525 /* Resources */ = {
			isa = PBXResourcesBuildPhase;
			buildActionMask = 2147483647;
			files = (
				DBAE8EBB26FDCA7B00F536AD /* Colors.xcassets in Resources */,
				873EC04E26D5068F003C3525 /* .swiftlint.yml in Resources */,
				DB05B058271FFEF80067DB17 /* Settings.bundle in Resources */,
				DBAE8E9726FDB3EE00F536AD /* Pretendard-Regular.otf in Resources */,
				DBAE8E9826FDB3EE00F536AD /* Pretendard-SemiBold.otf in Resources */,
				DBAE8EB126FDBEAE00F536AD /* swiftgen.yml in Resources */,
				DBAE8E9626FDB3EE00F536AD /* Pretendard-Bold.otf in Resources */,
				DBA1FD4526FB701C00F50DE5 /* InfoPlist.strings in Resources */,
				873EC01826D39057003C3525 /* LaunchScreen.storyboard in Resources */,
				873EC01526D39057003C3525 /* Assets.xcassets in Resources */,
			);
			runOnlyForDeploymentPostprocessing = 0;
		};
		873EC01C26D39057003C3525 /* Resources */ = {
			isa = PBXResourcesBuildPhase;
			buildActionMask = 2147483647;
			files = (
			);
			runOnlyForDeploymentPostprocessing = 0;
		};
		873EC02726D39057003C3525 /* Resources */ = {
			isa = PBXResourcesBuildPhase;
			buildActionMask = 2147483647;
			files = (
			);
			runOnlyForDeploymentPostprocessing = 0;
		};
/* End PBXResourcesBuildPhase section */

/* Begin PBXShellScriptBuildPhase section */
		873EC04C26D504CD003C3525 /* Carthage Run Script */ = {
			isa = PBXShellScriptBuildPhase;
			buildActionMask = 2147483647;
			files = (
			);
			inputFileListPaths = (
			);
			inputPaths = (
				"$(SRCROOT)/Carthage/Build/RxBlocking.xcframework",
				"$(SRCROOT)/Carthage/Build/RxCocoa.xcframework",
				"$(SRCROOT)/Carthage/Build/RxRelay.xcframework",
				"$(SRCROOT)/Carthage/Build/RxSwift.xcframework",
			);
			name = "Carthage Run Script";
			outputFileListPaths = (
			);
			outputPaths = (
			);
			runOnlyForDeploymentPostprocessing = 0;
			shellPath = /bin/sh;
			shellScript = "# /usr/local/bin/carthage outdated --xcode-warnings 2>/dev/null\n";
		};
		873EC04F26D5077C003C3525 /* SwiftLint Run Script */ = {
			isa = PBXShellScriptBuildPhase;
			buildActionMask = 2147483647;
			files = (
			);
			inputFileListPaths = (
			);
			inputPaths = (
			);
			name = "SwiftLint Run Script";
			outputFileListPaths = (
			);
			outputPaths = (
			);
			runOnlyForDeploymentPostprocessing = 0;
			shellPath = /bin/sh;
			shellScript = "# Adds support for Apple Silicon brew directory\nexport PATH=\"$PATH:/opt/homebrew/bin\"\nif which swiftlint >/dev/null; then\n  swiftlint\nelse\n  echo \"warning: SwiftLint not installed, download from https://github.com/realm/SwiftLint\"\nfi\n";
		};
		DBAE8E9026FDAB7F00F536AD /* SwiftGen Run Script */ = {
			isa = PBXShellScriptBuildPhase;
			buildActionMask = 2147483647;
			files = (
			);
			inputFileListPaths = (
			);
			inputPaths = (
			);
			name = "SwiftGen Run Script";
			outputFileListPaths = (
			);
			outputPaths = (
			);
			runOnlyForDeploymentPostprocessing = 0;
			shellPath = /bin/sh;
			shellScript = "swiftgen config run\n";
		};
/* End PBXShellScriptBuildPhase section */

/* Begin PBXSourcesBuildPhase section */
		873EC00126D39055003C3525 /* Sources */ = {
			isa = PBXSourcesBuildPhase;
			buildActionMask = 2147483647;
			files = (
				87A86C8D271414D2008FB3F0 /* WriteRatingCell.swift in Sources */,
				DB05B03C271853CE0067DB17 /* LeftRightButtonView.swift in Sources */,
				87BB17A927098A720088B847 /* WriteCoordinator.swift in Sources */,
				DBAB64A526FCC2F8006D95ED /* HomeCoordinator.swift in Sources */,
				DBD545522703409300063C98 /* HorizontalCollectionView.swift in Sources */,
				DBAB64A426FCC2C5006D95ED /* Coordinator.swift in Sources */,
				DBA0F81E2709BD41009553FC /* RecentSearchView.swift in Sources */,
				DBD2244727085671004C5184 /* EasyLookViewController+subscribe.swift in Sources */,
				8738E1CB271705220069BB80 /* CategoryViewController.swift in Sources */,
				DB7C04EE26FB1ACE009F5C0A /* ContentsTabView.swift in Sources */,
				DB05B04C271F04E50067DB17 /* TextFieldWithLabelWithButtonCollectionCell.swift in Sources */,
				DBA0F820270AF0A4009553FC /* ResultCollectionSection.swift in Sources */,
				DBD105512729726400632168 /* RoundCenterTextButton.swift in Sources */,
				DB05B056271FEAFA0067DB17 /* LoginViewController+subscribe.swift in Sources */,
				DB331DAA26FDD00A00A629F5 /* ImageAssets.swift in Sources */,
				876243E02708701B00BDA1DC /* WriteType.swift in Sources */,
				DBD5454727032B1C00063C98 /* FilterType.swift in Sources */,
				DBAB64A726FE2AFF006D95ED /* UIImage+.swift in Sources */,
				DB3A516B27103DC4003B529D /* EmptyResultsView.swift in Sources */,
				DB148C26270469B300FDC48F /* Date+.swift in Sources */,
				DB22327E27183378002ED30D /* TwoLabelVerticalHeaderView.swift in Sources */,
				873EC00D26D39055003C3525 /* ViewController.swift in Sources */,
				DB6909632712DB0800BB54E4 /* SettingCoordinator.swift in Sources */,
				DBD5455027033D9A00063C98 /* ButtonRoundCollectionCell.swift in Sources */,
				DB7C04CA26F9E69D009F5C0A /* UserDefaults+.swift in Sources */,
				DB148C2C2705855A00FDC48F /* EasyLookTabTypeButton.swift in Sources */,
				DB7C04E526FB1981009F5C0A /* BaseContentsCollectionViewController.swift in Sources */,
				DB00D216272A8D2F003FC9C3 /* DrawerViewController.swift in Sources */,
				DB8BF6812706D89E00FD5FDB /* ResultsWithDropBoxView.swift in Sources */,
				DB148C222704623200FDC48F /* InsetButton.swift in Sources */,
				DB05B054271FEABB0067DB17 /* LoginViewController+dequeueCell.swift in Sources */,
				DB7C04EC26FB1A04009F5C0A /* UIView+.swift in Sources */,
				DB7C04FC26FB27A6009F5C0A /* TemplateImageButton.swift in Sources */,
				DB05B050271F0AB00067DB17 /* LoginCollectionSection.swift in Sources */,
				87ACB0B227229A3000C78C86 /* CenterTextButton.swift in Sources */,
				876243E22708704800BDA1DC /* WriteTypeButton.swift in Sources */,
				8738E1CF271709660069BB80 /* RoundLabelWithButtonTableCell.swift in Sources */,
				DB37EC77270C307C00030D9A /* RecentSearchView+update.swift in Sources */,
				87B1B6552715E252001EA889 /* LabelWithButtonRoundCollectionCell.swift in Sources */,
				876C157D27047B19000C1C84 /* CategoryRepository.swift in Sources */,
				DBD5454927032BAA00063C98 /* EasyLookTabType.swift in Sources */,
				DB331DA926FDD00A00A629F5 /* ColorsAsset.swift in Sources */,
				DBD2244527085651004C5184 /* EasyLookViewController+setup.swift in Sources */,
				87BB17A72709898F0088B847 /* WriteViewController.swift in Sources */,
				87A86C9127141576008FB3F0 /* WriteTextViewCell.swift in Sources */,
				DB7C04F226FB1F36009F5C0A /* ContentsPageViewController.swift in Sources */,
				DB148C302705863100FDC48F /* EasyLookTabView.swift in Sources */,
				DB3A5165270FFE0C003B529D /* String+.swift in Sources */,
				DB7C04E926FB19AE009F5C0A /* ContentsCollectionViewCell.swift in Sources */,
				DB00D218272A8DB0003FC9C3 /* DrawerCoordinator.swift in Sources */,
				DB7C04BE26F9BE72009F5C0A /* ProfileView.swift in Sources */,
				DB1745B927098E8A00EF083E /* RecentSearchDataViewModel.swift in Sources */,
				DB7C04B626F8782B009F5C0A /* EasyLookViewController.swift in Sources */,
				DB148C282704A1A600FDC48F /* IgnoreTouchView.swift in Sources */,
				DB69095F2712C55F00BB54E4 /* SearchResultsViewModel.swift in Sources */,
				DB2B8AFD272151A800A02090 /* AlertViewController.swift in Sources */,
				DB05B052271F0D4B0067DB17 /* LoginViewController.swift in Sources */,
				DB7C04B226F87548009F5C0A /* TabBarController.swift in Sources */,
				DB7C04B926F87BE9009F5C0A /* ChoiceWritingView.swift in Sources */,
				DB7C04AA26F5F308009F5C0A /* EasyLookCoordinator.swift in Sources */,
				DB00D21E272ADB68003FC9C3 /* DrawerCollectionCell.swift in Sources */,
				876C157927044BA0000C1C84 /* RepositoryError.swift in Sources */,
				874D92F7271AD0A9005FF8F3 /* DisableSelectionTextField.swift in Sources */,
				DB8BF6792705D25700FD5FDB /* LogoView.swift in Sources */,
				DBA0F829270B26A0009553FC /* SearchResultsViewController.swift in Sources */,
				87078B5B26EA44B5007AE242 /* ThingLog.xcdatamodeld in Sources */,
				DBD1054D2729560600632168 /* RootCoordinator.swift in Sources */,
				873EC00926D39055003C3525 /* AppDelegate.swift in Sources */,
				87A86C8B2714139F008FB3F0 /* WriteTextFieldCell.swift in Sources */,
				87DAEB1B270BEAE50038C487 /* CameraButtonCollectionCell.swift in Sources */,
				DBD2244B27085DFB004C5184 /* SearchViewController.swift in Sources */,
				DB7C04C726F9E693009F5C0A /* UserInformationViewModel.swift in Sources */,
				DB62C4BE272BD9E9000ED955 /* DrawerHeaderView.swift in Sources */,
				DB8BF6832706DA7900FD5FDB /* EasyLookTopView.swift in Sources */,
				DBA0F825270B07D8009553FC /* LeftLabelRightButtonHeaderView.swift in Sources */,
				873EC00B26D39055003C3525 /* SceneDelegate.swift in Sources */,
				87BB17AD27098F480088B847 /* WriteViewController+setup.swift in Sources */,
				DB05B04027185C500067DB17 /* UIViewController+.swift in Sources */,
				DB05B03E27185B780067DB17 /* TrashViewController.swift in Sources */,
				8736B3F426FDD55E000433E1 /* UIFont+.swift in Sources */,
				DBD5454C27032C6600063C98 /* EasyLookViewModel.swift in Sources */,
				87A86C8F27141507008FB3F0 /* RatingView.swift in Sources */,
				DBD5454C27032C6600063C98 /* EasyLookViewModel.swift in Sources */,
				DB05B04E271F09260067DB17 /* LoginTopHeaderView.swift in Sources */,
				DB7C04F026FB1EFF009F5C0A /* HomeViewController.swift in Sources */,
				DB148C2027043CFC00FDC48F /* DropBoxView.swift in Sources */,
				DB331DAB26FDD00A00A629F5 /* Fonts.swift in Sources */,
				8736B3E526FCBA77000433E1 /* RatingEntity+.swift in Sources */,
				87F2188626FB5DFB00C3FBCA /* Post.swift in Sources */,
				DBA0F822270AF656009553FC /* ContentsDetailCollectionViewCell.swift in Sources */,
				874D92F9271AD672005FF8F3 /* DummyData.swift in Sources */,
				8736B3EF26FDC1AD000433E1 /* Comment.swift in Sources */,
				8736B3E326FCB9F3000433E1 /* Rating.swift in Sources */,
				DB00D211272A8A79003FC9C3 /* SelectingDrawerViewController.swift in Sources */,
				87BB17AB27098D760088B847 /* WriteViewModel.swift in Sources */,
				DB00D21C272AD76E003FC9C3 /* ImageWithTwoLabelVerticalCetnerXView.swift in Sources */,
				87ACB0B427229E2B00C78C86 /* WriteImageTableCell.swift in Sources */,
				8736B3E926FCBE28000433E1 /* Category.swift in Sources */,
				DB3A516927103B3E003B529D /* EmptyPostView.swift in Sources */,
				87F2188E26FB8ACA00C3FBCA /* PostType.swift in Sources */,
				87DAEB1D270BEC170038C487 /* ThumbnailCell.swift in Sources */,
				8738E1CD271708F80069BB80 /* PaddingLabel.swift in Sources */,
				876C157B27044DFF000C1C84 /* CategoryEntity.swift in Sources */,
				87F2188926FB5E9500C3FBCA /* PostRepository.swift in Sources */,
				8736B3F626FE245A000433E1 /* PostEntity+.swift in Sources */,
				DB1745B72708700200EF083E /* SearchTextField.swift in Sources */,
				DB87730C270B430C00401961 /* RecentSearchDataViewModelProtocol.swift in Sources */,
				87F2189026FB8D6A00C3FBCA /* PostTypeEntity+.swift in Sources */,
				DBA0F81C2709B390009553FC /* LeftLabelRightButtonTableCell.swift in Sources */,
				875A966026F0E4EB001BF0D0 /* CoreDataStack.swift in Sources */,
				DB6909612712DA8100BB54E4 /* SettingViewController.swift in Sources */,
				87B1B6572715E2F0001EA889 /* WriteCategoryTableCell.swift in Sources */,
				DB22B6BE270ECA20005F9971 /* PostContentsCollectionViewController.swift in Sources */,
				8736B3F226FDC281000433E1 /* Attachment.swift in Sources */,
			);
			runOnlyForDeploymentPostprocessing = 0;
		};
		873EC01A26D39057003C3525 /* Sources */ = {
			isa = PBXSourcesBuildPhase;
			buildActionMask = 2147483647;
			files = (
				873EC02326D39057003C3525 /* ThingLogTests.swift in Sources */,
				DBC45A9E270F25E400AB9499 /* ThingLogPostCategoryRequestTests.swift in Sources */,
				87BEF07B2705C80D00797ECD /* ThingLogCategoryRepositoryTests.swift in Sources */,
				DB69095D2712B5EB00BB54E4 /* ThingLogPostTypeRequestTest.swift in Sources */,
				DBC45AA0270F266800AB9499 /* ThingLogPostSearchRequestTests.swift in Sources */,
				DBA0F8192709A79A009553FC /* ThingLogRecentSearchDataTests.swift in Sources */,
				DBC45A9C270F24B800AB9499 /* DummyProtocol.swift in Sources */,
				87F2188326FB5B4100C3FBCA /* ThingLogPostRepositoryTests.swift in Sources */,
			);
			runOnlyForDeploymentPostprocessing = 0;
		};
		873EC02526D39057003C3525 /* Sources */ = {
			isa = PBXSourcesBuildPhase;
			buildActionMask = 2147483647;
			files = (
				873EC02E26D39057003C3525 /* ThingLogUITests.swift in Sources */,
			);
			runOnlyForDeploymentPostprocessing = 0;
		};
/* End PBXSourcesBuildPhase section */

/* Begin PBXTargetDependency section */
		873EC02026D39057003C3525 /* PBXTargetDependency */ = {
			isa = PBXTargetDependency;
			target = 873EC00426D39055003C3525 /* ThingLog */;
			targetProxy = 873EC01F26D39057003C3525 /* PBXContainerItemProxy */;
		};
		873EC02B26D39057003C3525 /* PBXTargetDependency */ = {
			isa = PBXTargetDependency;
			target = 873EC00426D39055003C3525 /* ThingLog */;
			targetProxy = 873EC02A26D39057003C3525 /* PBXContainerItemProxy */;
		};
/* End PBXTargetDependency section */

/* Begin PBXVariantGroup section */
		873EC01626D39057003C3525 /* LaunchScreen.storyboard */ = {
			isa = PBXVariantGroup;
			children = (
				873EC01726D39057003C3525 /* Base */,
				DBA1FD3C26FB6F1D00F50DE5 /* ko */,
			);
			name = LaunchScreen.storyboard;
			sourceTree = "<group>";
		};
		DBA1FD4726FB701C00F50DE5 /* InfoPlist.strings */ = {
			isa = PBXVariantGroup;
			children = (
				DBA1FD4626FB701C00F50DE5 /* ko */,
				DBA1FD4826FB701F00F50DE5 /* en */,
			);
			name = InfoPlist.strings;
			sourceTree = "<group>";
		};
/* End PBXVariantGroup section */

/* Begin XCBuildConfiguration section */
		873EC03026D39057003C3525 /* Debug */ = {
			isa = XCBuildConfiguration;
			buildSettings = {
				ALWAYS_SEARCH_USER_PATHS = NO;
				CLANG_ANALYZER_LOCALIZABILITY_NONLOCALIZED = YES;
				CLANG_ANALYZER_NONNULL = YES;
				CLANG_ANALYZER_NUMBER_OBJECT_CONVERSION = YES_AGGRESSIVE;
				CLANG_CXX_LANGUAGE_STANDARD = "gnu++14";
				CLANG_CXX_LIBRARY = "libc++";
				CLANG_ENABLE_MODULES = YES;
				CLANG_ENABLE_OBJC_ARC = YES;
				CLANG_ENABLE_OBJC_WEAK = YES;
				CLANG_WARN_BLOCK_CAPTURE_AUTORELEASING = YES;
				CLANG_WARN_BOOL_CONVERSION = YES;
				CLANG_WARN_COMMA = YES;
				CLANG_WARN_CONSTANT_CONVERSION = YES;
				CLANG_WARN_DEPRECATED_OBJC_IMPLEMENTATIONS = YES;
				CLANG_WARN_DIRECT_OBJC_ISA_USAGE = YES_ERROR;
				CLANG_WARN_DOCUMENTATION_COMMENTS = YES;
				CLANG_WARN_EMPTY_BODY = YES;
				CLANG_WARN_ENUM_CONVERSION = YES;
				CLANG_WARN_INFINITE_RECURSION = YES;
				CLANG_WARN_INT_CONVERSION = YES;
				CLANG_WARN_NON_LITERAL_NULL_CONVERSION = YES;
				CLANG_WARN_OBJC_IMPLICIT_RETAIN_SELF = YES;
				CLANG_WARN_OBJC_LITERAL_CONVERSION = YES;
				CLANG_WARN_OBJC_ROOT_CLASS = YES_ERROR;
				CLANG_WARN_QUOTED_INCLUDE_IN_FRAMEWORK_HEADER = YES;
				CLANG_WARN_RANGE_LOOP_ANALYSIS = YES;
				CLANG_WARN_STRICT_PROTOTYPES = YES;
				CLANG_WARN_SUSPICIOUS_MOVE = YES;
				CLANG_WARN_UNGUARDED_AVAILABILITY = YES_AGGRESSIVE;
				CLANG_WARN_UNREACHABLE_CODE = YES;
				CLANG_WARN__DUPLICATE_METHOD_MATCH = YES;
				COPY_PHASE_STRIP = NO;
				DEBUG_INFORMATION_FORMAT = dwarf;
				ENABLE_STRICT_OBJC_MSGSEND = YES;
				ENABLE_TESTABILITY = YES;
				GCC_C_LANGUAGE_STANDARD = gnu11;
				GCC_DYNAMIC_NO_PIC = NO;
				GCC_NO_COMMON_BLOCKS = YES;
				GCC_OPTIMIZATION_LEVEL = 0;
				GCC_PREPROCESSOR_DEFINITIONS = (
					"DEBUG=1",
					"$(inherited)",
				);
				GCC_WARN_64_TO_32_BIT_CONVERSION = YES;
				GCC_WARN_ABOUT_RETURN_TYPE = YES_ERROR;
				GCC_WARN_UNDECLARED_SELECTOR = YES;
				GCC_WARN_UNINITIALIZED_AUTOS = YES_AGGRESSIVE;
				GCC_WARN_UNUSED_FUNCTION = YES;
				GCC_WARN_UNUSED_VARIABLE = YES;
				IPHONEOS_DEPLOYMENT_TARGET = 13.0;
				MTL_ENABLE_DEBUG_INFO = INCLUDE_SOURCE;
				MTL_FAST_MATH = YES;
				ONLY_ACTIVE_ARCH = YES;
				SDKROOT = iphoneos;
				SWIFT_ACTIVE_COMPILATION_CONDITIONS = DEBUG;
				SWIFT_OPTIMIZATION_LEVEL = "-Onone";
			};
			name = Debug;
		};
		873EC03126D39057003C3525 /* Release */ = {
			isa = XCBuildConfiguration;
			buildSettings = {
				ALWAYS_SEARCH_USER_PATHS = NO;
				CLANG_ANALYZER_LOCALIZABILITY_NONLOCALIZED = YES;
				CLANG_ANALYZER_NONNULL = YES;
				CLANG_ANALYZER_NUMBER_OBJECT_CONVERSION = YES_AGGRESSIVE;
				CLANG_CXX_LANGUAGE_STANDARD = "gnu++14";
				CLANG_CXX_LIBRARY = "libc++";
				CLANG_ENABLE_MODULES = YES;
				CLANG_ENABLE_OBJC_ARC = YES;
				CLANG_ENABLE_OBJC_WEAK = YES;
				CLANG_WARN_BLOCK_CAPTURE_AUTORELEASING = YES;
				CLANG_WARN_BOOL_CONVERSION = YES;
				CLANG_WARN_COMMA = YES;
				CLANG_WARN_CONSTANT_CONVERSION = YES;
				CLANG_WARN_DEPRECATED_OBJC_IMPLEMENTATIONS = YES;
				CLANG_WARN_DIRECT_OBJC_ISA_USAGE = YES_ERROR;
				CLANG_WARN_DOCUMENTATION_COMMENTS = YES;
				CLANG_WARN_EMPTY_BODY = YES;
				CLANG_WARN_ENUM_CONVERSION = YES;
				CLANG_WARN_INFINITE_RECURSION = YES;
				CLANG_WARN_INT_CONVERSION = YES;
				CLANG_WARN_NON_LITERAL_NULL_CONVERSION = YES;
				CLANG_WARN_OBJC_IMPLICIT_RETAIN_SELF = YES;
				CLANG_WARN_OBJC_LITERAL_CONVERSION = YES;
				CLANG_WARN_OBJC_ROOT_CLASS = YES_ERROR;
				CLANG_WARN_QUOTED_INCLUDE_IN_FRAMEWORK_HEADER = YES;
				CLANG_WARN_RANGE_LOOP_ANALYSIS = YES;
				CLANG_WARN_STRICT_PROTOTYPES = YES;
				CLANG_WARN_SUSPICIOUS_MOVE = YES;
				CLANG_WARN_UNGUARDED_AVAILABILITY = YES_AGGRESSIVE;
				CLANG_WARN_UNREACHABLE_CODE = YES;
				CLANG_WARN__DUPLICATE_METHOD_MATCH = YES;
				COPY_PHASE_STRIP = NO;
				DEBUG_INFORMATION_FORMAT = "dwarf-with-dsym";
				ENABLE_NS_ASSERTIONS = NO;
				ENABLE_STRICT_OBJC_MSGSEND = YES;
				GCC_C_LANGUAGE_STANDARD = gnu11;
				GCC_NO_COMMON_BLOCKS = YES;
				GCC_WARN_64_TO_32_BIT_CONVERSION = YES;
				GCC_WARN_ABOUT_RETURN_TYPE = YES_ERROR;
				GCC_WARN_UNDECLARED_SELECTOR = YES;
				GCC_WARN_UNINITIALIZED_AUTOS = YES_AGGRESSIVE;
				GCC_WARN_UNUSED_FUNCTION = YES;
				GCC_WARN_UNUSED_VARIABLE = YES;
				IPHONEOS_DEPLOYMENT_TARGET = 13.0;
				MTL_ENABLE_DEBUG_INFO = NO;
				MTL_FAST_MATH = YES;
				SDKROOT = iphoneos;
				SWIFT_COMPILATION_MODE = wholemodule;
				SWIFT_OPTIMIZATION_LEVEL = "-O";
				VALIDATE_PRODUCT = YES;
			};
			name = Release;
		};
		873EC03326D39057003C3525 /* Debug */ = {
			isa = XCBuildConfiguration;
			buildSettings = {
				ASSETCATALOG_COMPILER_APPICON_NAME = AppIcon;
				ASSETCATALOG_COMPILER_GLOBAL_ACCENT_COLOR_NAME = AccentColor;
				CODE_SIGN_IDENTITY = "Apple Development";
				CODE_SIGN_STYLE = Automatic;
				DEVELOPMENT_TEAM = WVLV77R6X7;
				INFOPLIST_FILE = ThingLog/SupportingFiles/Info.plist;
				LD_RUNPATH_SEARCH_PATHS = (
					"$(inherited)",
					"@executable_path/Frameworks",
				);
				PRODUCT_BUNDLE_IDENTIFIER = com.thingLog.ThingLog;
				PRODUCT_NAME = "$(TARGET_NAME)";
				PROVISIONING_PROFILE_SPECIFIER = "";
				SWIFT_VERSION = 5.0;
				TARGETED_DEVICE_FAMILY = "1,2";
			};
			name = Debug;
		};
		873EC03426D39057003C3525 /* Release */ = {
			isa = XCBuildConfiguration;
			buildSettings = {
				ASSETCATALOG_COMPILER_APPICON_NAME = AppIcon;
				ASSETCATALOG_COMPILER_GLOBAL_ACCENT_COLOR_NAME = AccentColor;
				CODE_SIGN_IDENTITY = "Apple Development";
				CODE_SIGN_STYLE = Automatic;
				DEVELOPMENT_TEAM = WVLV77R6X7;
				INFOPLIST_FILE = ThingLog/SupportingFiles/Info.plist;
				LD_RUNPATH_SEARCH_PATHS = (
					"$(inherited)",
					"@executable_path/Frameworks",
				);
				PRODUCT_BUNDLE_IDENTIFIER = com.thingLog.ThingLog;
				PRODUCT_NAME = "$(TARGET_NAME)";
				PROVISIONING_PROFILE_SPECIFIER = "";
				SWIFT_VERSION = 5.0;
				TARGETED_DEVICE_FAMILY = "1,2";
			};
			name = Release;
		};
		873EC03626D39057003C3525 /* Debug */ = {
			isa = XCBuildConfiguration;
			buildSettings = {
				ALWAYS_EMBED_SWIFT_STANDARD_LIBRARIES = YES;
				BUNDLE_LOADER = "$(TEST_HOST)";
				CODE_SIGN_STYLE = Automatic;
				INFOPLIST_FILE = ThingLogTests/Info.plist;
				IPHONEOS_DEPLOYMENT_TARGET = 13.0;
				LD_RUNPATH_SEARCH_PATHS = (
					"$(inherited)",
					"@executable_path/Frameworks",
					"@loader_path/Frameworks",
				);
				PRODUCT_BUNDLE_IDENTIFIER = tech.jiwon.ThingLogTests;
				PRODUCT_NAME = "$(TARGET_NAME)";
				SWIFT_VERSION = 5.0;
				TARGETED_DEVICE_FAMILY = "1,2";
				TEST_HOST = "$(BUILT_PRODUCTS_DIR)/ThingLog.app/ThingLog";
			};
			name = Debug;
		};
		873EC03726D39057003C3525 /* Release */ = {
			isa = XCBuildConfiguration;
			buildSettings = {
				ALWAYS_EMBED_SWIFT_STANDARD_LIBRARIES = YES;
				BUNDLE_LOADER = "$(TEST_HOST)";
				CODE_SIGN_STYLE = Automatic;
				INFOPLIST_FILE = ThingLogTests/Info.plist;
				IPHONEOS_DEPLOYMENT_TARGET = 13.0;
				LD_RUNPATH_SEARCH_PATHS = (
					"$(inherited)",
					"@executable_path/Frameworks",
					"@loader_path/Frameworks",
				);
				PRODUCT_BUNDLE_IDENTIFIER = tech.jiwon.ThingLogTests;
				PRODUCT_NAME = "$(TARGET_NAME)";
				SWIFT_VERSION = 5.0;
				TARGETED_DEVICE_FAMILY = "1,2";
				TEST_HOST = "$(BUILT_PRODUCTS_DIR)/ThingLog.app/ThingLog";
			};
			name = Release;
		};
		873EC03926D39057003C3525 /* Debug */ = {
			isa = XCBuildConfiguration;
			buildSettings = {
				ALWAYS_EMBED_SWIFT_STANDARD_LIBRARIES = YES;
				CODE_SIGN_STYLE = Automatic;
				INFOPLIST_FILE = ThingLogUITests/Info.plist;
				LD_RUNPATH_SEARCH_PATHS = (
					"$(inherited)",
					"@executable_path/Frameworks",
					"@loader_path/Frameworks",
				);
				PRODUCT_BUNDLE_IDENTIFIER = tech.jiwon.ThingLogUITests;
				PRODUCT_NAME = "$(TARGET_NAME)";
				SWIFT_VERSION = 5.0;
				TARGETED_DEVICE_FAMILY = "1,2";
				TEST_TARGET_NAME = ThingLog;
			};
			name = Debug;
		};
		873EC03A26D39057003C3525 /* Release */ = {
			isa = XCBuildConfiguration;
			buildSettings = {
				ALWAYS_EMBED_SWIFT_STANDARD_LIBRARIES = YES;
				CODE_SIGN_STYLE = Automatic;
				INFOPLIST_FILE = ThingLogUITests/Info.plist;
				LD_RUNPATH_SEARCH_PATHS = (
					"$(inherited)",
					"@executable_path/Frameworks",
					"@loader_path/Frameworks",
				);
				PRODUCT_BUNDLE_IDENTIFIER = tech.jiwon.ThingLogUITests;
				PRODUCT_NAME = "$(TARGET_NAME)";
				SWIFT_VERSION = 5.0;
				TARGETED_DEVICE_FAMILY = "1,2";
				TEST_TARGET_NAME = ThingLog;
			};
			name = Release;
		};
/* End XCBuildConfiguration section */

/* Begin XCConfigurationList section */
		873EC00026D39055003C3525 /* Build configuration list for PBXProject "ThingLog" */ = {
			isa = XCConfigurationList;
			buildConfigurations = (
				873EC03026D39057003C3525 /* Debug */,
				873EC03126D39057003C3525 /* Release */,
			);
			defaultConfigurationIsVisible = 0;
			defaultConfigurationName = Release;
		};
		873EC03226D39057003C3525 /* Build configuration list for PBXNativeTarget "ThingLog" */ = {
			isa = XCConfigurationList;
			buildConfigurations = (
				873EC03326D39057003C3525 /* Debug */,
				873EC03426D39057003C3525 /* Release */,
			);
			defaultConfigurationIsVisible = 0;
			defaultConfigurationName = Release;
		};
		873EC03526D39057003C3525 /* Build configuration list for PBXNativeTarget "ThingLogTests" */ = {
			isa = XCConfigurationList;
			buildConfigurations = (
				873EC03626D39057003C3525 /* Debug */,
				873EC03726D39057003C3525 /* Release */,
			);
			defaultConfigurationIsVisible = 0;
			defaultConfigurationName = Release;
		};
		873EC03826D39057003C3525 /* Build configuration list for PBXNativeTarget "ThingLogUITests" */ = {
			isa = XCConfigurationList;
			buildConfigurations = (
				873EC03926D39057003C3525 /* Debug */,
				873EC03A26D39057003C3525 /* Release */,
			);
			defaultConfigurationIsVisible = 0;
			defaultConfigurationName = Release;
		};
/* End XCConfigurationList section */

/* Begin XCVersionGroup section */
		87078B5926EA44B5007AE242 /* ThingLog.xcdatamodeld */ = {
			isa = XCVersionGroup;
			children = (
				87078B5A26EA44B5007AE242 /* ThingLog.xcdatamodel */,
			);
			currentVersion = 87078B5A26EA44B5007AE242 /* ThingLog.xcdatamodel */;
			path = ThingLog.xcdatamodeld;
			sourceTree = "<group>";
			versionGroupType = wrapper.xcdatamodel;
		};
/* End XCVersionGroup section */
	};
	rootObject = 873EBFFD26D39055003C3525 /* Project object */;
}
