// !$*UTF8*$!
{
	archiveVersion = 1;
	classes = {
	};
	objectVersion = 52;
	objects = {

/* Begin PBXBuildFile section */
		87078B5B26EA44B5007AE242 /* ThingLog.xcdatamodeld in Sources */ = {isa = PBXBuildFile; fileRef = 87078B5926EA44B5007AE242 /* ThingLog.xcdatamodeld */; };
		8736B3F426FDD55E000433E1 /* UIFont+.swift in Sources */ = {isa = PBXBuildFile; fileRef = 8736B3F326FDD55E000433E1 /* UIFont+.swift */; };
		873EC00926D39055003C3525 /* AppDelegate.swift in Sources */ = {isa = PBXBuildFile; fileRef = 873EC00826D39055003C3525 /* AppDelegate.swift */; };
		873EC00B26D39055003C3525 /* SceneDelegate.swift in Sources */ = {isa = PBXBuildFile; fileRef = 873EC00A26D39055003C3525 /* SceneDelegate.swift */; };
		873EC00D26D39055003C3525 /* ViewController.swift in Sources */ = {isa = PBXBuildFile; fileRef = 873EC00C26D39055003C3525 /* ViewController.swift */; };
		873EC01526D39057003C3525 /* Assets.xcassets in Resources */ = {isa = PBXBuildFile; fileRef = 873EC01426D39057003C3525 /* Assets.xcassets */; };
		873EC01826D39057003C3525 /* LaunchScreen.storyboard in Resources */ = {isa = PBXBuildFile; fileRef = 873EC01626D39057003C3525 /* LaunchScreen.storyboard */; };
		873EC02326D39057003C3525 /* ThingLogTests.swift in Sources */ = {isa = PBXBuildFile; fileRef = 873EC02226D39057003C3525 /* ThingLogTests.swift */; };
		873EC02E26D39057003C3525 /* ThingLogUITests.swift in Sources */ = {isa = PBXBuildFile; fileRef = 873EC02D26D39057003C3525 /* ThingLogUITests.swift */; };
		873EC04126D504BA003C3525 /* RxRelay.xcframework in Frameworks */ = {isa = PBXBuildFile; fileRef = 873EC03C26D504BA003C3525 /* RxRelay.xcframework */; };
		873EC04226D504BA003C3525 /* RxRelay.xcframework in Embed Frameworks */ = {isa = PBXBuildFile; fileRef = 873EC03C26D504BA003C3525 /* RxRelay.xcframework */; settings = {ATTRIBUTES = (CodeSignOnCopy, RemoveHeadersOnCopy, ); }; };
		873EC04526D504BA003C3525 /* RxSwift.xcframework in Frameworks */ = {isa = PBXBuildFile; fileRef = 873EC03E26D504BA003C3525 /* RxSwift.xcframework */; };
		873EC04626D504BA003C3525 /* RxSwift.xcframework in Embed Frameworks */ = {isa = PBXBuildFile; fileRef = 873EC03E26D504BA003C3525 /* RxSwift.xcframework */; settings = {ATTRIBUTES = (CodeSignOnCopy, RemoveHeadersOnCopy, ); }; };
		873EC04726D504BA003C3525 /* RxBlocking.xcframework in Frameworks */ = {isa = PBXBuildFile; fileRef = 873EC03F26D504BA003C3525 /* RxBlocking.xcframework */; };
		873EC04826D504BA003C3525 /* RxBlocking.xcframework in Embed Frameworks */ = {isa = PBXBuildFile; fileRef = 873EC03F26D504BA003C3525 /* RxBlocking.xcframework */; settings = {ATTRIBUTES = (CodeSignOnCopy, RemoveHeadersOnCopy, ); }; };
		873EC04926D504BA003C3525 /* RxCocoa.xcframework in Frameworks */ = {isa = PBXBuildFile; fileRef = 873EC04026D504BA003C3525 /* RxCocoa.xcframework */; };
		873EC04A26D504BA003C3525 /* RxCocoa.xcframework in Embed Frameworks */ = {isa = PBXBuildFile; fileRef = 873EC04026D504BA003C3525 /* RxCocoa.xcframework */; settings = {ATTRIBUTES = (CodeSignOnCopy, RemoveHeadersOnCopy, ); }; };
		873EC04E26D5068F003C3525 /* .swiftlint.yml in Resources */ = {isa = PBXBuildFile; fileRef = 873EC04D26D5068F003C3525 /* .swiftlint.yml */; };
		875A966026F0E4EB001BF0D0 /* CoreDataStack.swift in Sources */ = {isa = PBXBuildFile; fileRef = 875A965F26F0E4EB001BF0D0 /* CoreDataStack.swift */; };
		DB331DA926FDD00A00A629F5 /* ColorsAsset.swift in Sources */ = {isa = PBXBuildFile; fileRef = DB331DA626FDD00A00A629F5 /* ColorsAsset.swift */; };
		DB331DAA26FDD00A00A629F5 /* ImageAssets.swift in Sources */ = {isa = PBXBuildFile; fileRef = DB331DA726FDD00A00A629F5 /* ImageAssets.swift */; };
		DB331DAB26FDD00A00A629F5 /* Fonts.swift in Sources */ = {isa = PBXBuildFile; fileRef = DB331DA826FDD00A00A629F5 /* Fonts.swift */; };
		DB7C04AA26F5F308009F5C0A /* CategoryCoordinator.swift in Sources */ = {isa = PBXBuildFile; fileRef = DB7C04A926F5F308009F5C0A /* CategoryCoordinator.swift */; };
		DB7C04B226F87548009F5C0A /* TabBarController.swift in Sources */ = {isa = PBXBuildFile; fileRef = DB7C04B126F87548009F5C0A /* TabBarController.swift */; };
		DB7C04B626F8782B009F5C0A /* CategoryViewController.swift in Sources */ = {isa = PBXBuildFile; fileRef = DB7C04B526F8782B009F5C0A /* CategoryViewController.swift */; };
		DB7C04B926F87BE9009F5C0A /* ChoiceWritingView.swift in Sources */ = {isa = PBXBuildFile; fileRef = DB7C04B826F87BE9009F5C0A /* ChoiceWritingView.swift */; };
		DB7C04BE26F9BE72009F5C0A /* ProfileView.swift in Sources */ = {isa = PBXBuildFile; fileRef = DB7C04BD26F9BE72009F5C0A /* ProfileView.swift */; };
		DB7C04C726F9E693009F5C0A /* UserInformationViewModel.swift in Sources */ = {isa = PBXBuildFile; fileRef = DB7C04C626F9E693009F5C0A /* UserInformationViewModel.swift */; };
		DB7C04CA26F9E69D009F5C0A /* UserDefaults+.swift in Sources */ = {isa = PBXBuildFile; fileRef = DB7C04C926F9E69D009F5C0A /* UserDefaults+.swift */; };
		DB7C04E526FB1981009F5C0A /* BaseContentsCollectionViewController.swift in Sources */ = {isa = PBXBuildFile; fileRef = DB7C04E426FB1981009F5C0A /* BaseContentsCollectionViewController.swift */; };
		DB7C04E926FB19AE009F5C0A /* ContentsCollectionViewCell.swift in Sources */ = {isa = PBXBuildFile; fileRef = DB7C04E826FB19AE009F5C0A /* ContentsCollectionViewCell.swift */; };
		DB7C04EC26FB1A04009F5C0A /* UIView+.swift in Sources */ = {isa = PBXBuildFile; fileRef = DB7C04EB26FB1A04009F5C0A /* UIView+.swift */; };
		DB7C04EE26FB1ACE009F5C0A /* ContentsTabView.swift in Sources */ = {isa = PBXBuildFile; fileRef = DB7C04ED26FB1ACE009F5C0A /* ContentsTabView.swift */; };
		DB7C04F026FB1EFF009F5C0A /* HomeViewController.swift in Sources */ = {isa = PBXBuildFile; fileRef = DB7C04EF26FB1EFF009F5C0A /* HomeViewController.swift */; };
		DB7C04F226FB1F36009F5C0A /* ContentsPageViewController.swift in Sources */ = {isa = PBXBuildFile; fileRef = DB7C04F126FB1F36009F5C0A /* ContentsPageViewController.swift */; };
		DB7C04F426FB1F45009F5C0A /* BoughtContentsCollectionViewController.swift in Sources */ = {isa = PBXBuildFile; fileRef = DB7C04F326FB1F45009F5C0A /* BoughtContentsCollectionViewController.swift */; };
		DB7C04F626FB1F4B009F5C0A /* WishContentsCollectionViewController.swift in Sources */ = {isa = PBXBuildFile; fileRef = DB7C04F526FB1F4B009F5C0A /* WishContentsCollectionViewController.swift */; };
		DB7C04F826FB1F52009F5C0A /* GiftContentsCollectionViewController.swift in Sources */ = {isa = PBXBuildFile; fileRef = DB7C04F726FB1F52009F5C0A /* GiftContentsCollectionViewController.swift */; };
		DB7C04FC26FB27A6009F5C0A /* TemplateImageButton.swift in Sources */ = {isa = PBXBuildFile; fileRef = DB7C04FB26FB27A6009F5C0A /* TemplateImageButton.swift */; };
		DB8BF6792705D25700FD5FDB /* LogoView.swift in Sources */ = {isa = PBXBuildFile; fileRef = DB8BF6782705D25700FD5FDB /* LogoView.swift */; };
		DBA1FD4526FB701C00F50DE5 /* InfoPlist.strings in Resources */ = {isa = PBXBuildFile; fileRef = DBA1FD4726FB701C00F50DE5 /* InfoPlist.strings */; };
		DBAB64A426FCC2C5006D95ED /* Coordinator.swift in Sources */ = {isa = PBXBuildFile; fileRef = DB7C04A526F5F281009F5C0A /* Coordinator.swift */; };
		DBAB64A526FCC2F8006D95ED /* HomeCoordinator.swift in Sources */ = {isa = PBXBuildFile; fileRef = DB7C04A726F5F2BB009F5C0A /* HomeCoordinator.swift */; };
		DBAB64A726FE2AFF006D95ED /* UIImage+.swift in Sources */ = {isa = PBXBuildFile; fileRef = DBAB64A626FE2AFF006D95ED /* UIImage+.swift */; };
		DBAE8E9626FDB3EE00F536AD /* Pretendard-Bold.otf in Resources */ = {isa = PBXBuildFile; fileRef = DBAE8E9326FDB3EE00F536AD /* Pretendard-Bold.otf */; };
		DBAE8E9726FDB3EE00F536AD /* Pretendard-Regular.otf in Resources */ = {isa = PBXBuildFile; fileRef = DBAE8E9426FDB3EE00F536AD /* Pretendard-Regular.otf */; };
		DBAE8E9826FDB3EE00F536AD /* Pretendard-SemiBold.otf in Resources */ = {isa = PBXBuildFile; fileRef = DBAE8E9526FDB3EE00F536AD /* Pretendard-SemiBold.otf */; };
		DBAE8EB126FDBEAE00F536AD /* swiftgen.yml in Resources */ = {isa = PBXBuildFile; fileRef = DBAE8EB026FDBEAE00F536AD /* swiftgen.yml */; };
		DBAE8EBB26FDCA7B00F536AD /* Colors.xcassets in Resources */ = {isa = PBXBuildFile; fileRef = DBAE8EBA26FDCA7B00F536AD /* Colors.xcassets */; };
		DBD5454727032B1C00063C98 /* FilterType.swift in Sources */ = {isa = PBXBuildFile; fileRef = DBD5454627032B1C00063C98 /* FilterType.swift */; };
		DBD5454927032BAA00063C98 /* TopCategoryType.swift in Sources */ = {isa = PBXBuildFile; fileRef = DBD5454827032BAA00063C98 /* TopCategoryType.swift */; };
		DBD5454C27032C6600063C98 /* CategoryViewModel.swift in Sources */ = {isa = PBXBuildFile; fileRef = DBD5454B27032C6600063C98 /* CategoryViewModel.swift */; };
		DBD5455027033D9A00063C98 /* RoundButtonCollectionViewCell.swift in Sources */ = {isa = PBXBuildFile; fileRef = DBD5454F27033D9A00063C98 /* RoundButtonCollectionViewCell.swift */; };
		DBD545522703409300063C98 /* HorizontalCollectionView.swift in Sources */ = {isa = PBXBuildFile; fileRef = DBD545512703409300063C98 /* HorizontalCollectionView.swift */; };
/* End PBXBuildFile section */

/* Begin PBXContainerItemProxy section */
		873EC01F26D39057003C3525 /* PBXContainerItemProxy */ = {
			isa = PBXContainerItemProxy;
			containerPortal = 873EBFFD26D39055003C3525 /* Project object */;
			proxyType = 1;
			remoteGlobalIDString = 873EC00426D39055003C3525;
			remoteInfo = ThingLog;
		};
		873EC02A26D39057003C3525 /* PBXContainerItemProxy */ = {
			isa = PBXContainerItemProxy;
			containerPortal = 873EBFFD26D39055003C3525 /* Project object */;
			proxyType = 1;
			remoteGlobalIDString = 873EC00426D39055003C3525;
			remoteInfo = ThingLog;
		};
/* End PBXContainerItemProxy section */

/* Begin PBXCopyFilesBuildPhase section */
		873EC04B26D504BA003C3525 /* Embed Frameworks */ = {
			isa = PBXCopyFilesBuildPhase;
			buildActionMask = 2147483647;
			dstPath = "";
			dstSubfolderSpec = 10;
			files = (
				873EC04826D504BA003C3525 /* RxBlocking.xcframework in Embed Frameworks */,
				873EC04626D504BA003C3525 /* RxSwift.xcframework in Embed Frameworks */,
				873EC04A26D504BA003C3525 /* RxCocoa.xcframework in Embed Frameworks */,
				873EC04226D504BA003C3525 /* RxRelay.xcframework in Embed Frameworks */,
			);
			name = "Embed Frameworks";
			runOnlyForDeploymentPostprocessing = 0;
		};
/* End PBXCopyFilesBuildPhase section */

/* Begin PBXFileReference section */
		87078B5A26EA44B5007AE242 /* ThingLog.xcdatamodel */ = {isa = PBXFileReference; lastKnownFileType = wrapper.xcdatamodel; path = ThingLog.xcdatamodel; sourceTree = "<group>"; };
		8736B3F326FDD55E000433E1 /* UIFont+.swift */ = {isa = PBXFileReference; lastKnownFileType = sourcecode.swift; path = "UIFont+.swift"; sourceTree = "<group>"; };
		873EC00526D39055003C3525 /* ThingLog.app */ = {isa = PBXFileReference; explicitFileType = wrapper.application; includeInIndex = 0; path = ThingLog.app; sourceTree = BUILT_PRODUCTS_DIR; };
		873EC00826D39055003C3525 /* AppDelegate.swift */ = {isa = PBXFileReference; lastKnownFileType = sourcecode.swift; path = AppDelegate.swift; sourceTree = "<group>"; };
		873EC00A26D39055003C3525 /* SceneDelegate.swift */ = {isa = PBXFileReference; lastKnownFileType = sourcecode.swift; path = SceneDelegate.swift; sourceTree = "<group>"; };
		873EC00C26D39055003C3525 /* ViewController.swift */ = {isa = PBXFileReference; lastKnownFileType = sourcecode.swift; path = ViewController.swift; sourceTree = "<group>"; };
		873EC01426D39057003C3525 /* Assets.xcassets */ = {isa = PBXFileReference; lastKnownFileType = folder.assetcatalog; path = Assets.xcassets; sourceTree = "<group>"; };
		873EC01726D39057003C3525 /* Base */ = {isa = PBXFileReference; lastKnownFileType = file.storyboard; name = Base; path = Base.lproj/LaunchScreen.storyboard; sourceTree = "<group>"; };
		873EC01926D39057003C3525 /* Info.plist */ = {isa = PBXFileReference; lastKnownFileType = text.plist.xml; path = Info.plist; sourceTree = "<group>"; };
		873EC01E26D39057003C3525 /* ThingLogTests.xctest */ = {isa = PBXFileReference; explicitFileType = wrapper.cfbundle; includeInIndex = 0; path = ThingLogTests.xctest; sourceTree = BUILT_PRODUCTS_DIR; };
		873EC02226D39057003C3525 /* ThingLogTests.swift */ = {isa = PBXFileReference; lastKnownFileType = sourcecode.swift; path = ThingLogTests.swift; sourceTree = "<group>"; };
		873EC02426D39057003C3525 /* Info.plist */ = {isa = PBXFileReference; lastKnownFileType = text.plist.xml; path = Info.plist; sourceTree = "<group>"; };
		873EC02926D39057003C3525 /* ThingLogUITests.xctest */ = {isa = PBXFileReference; explicitFileType = wrapper.cfbundle; includeInIndex = 0; path = ThingLogUITests.xctest; sourceTree = BUILT_PRODUCTS_DIR; };
		873EC02D26D39057003C3525 /* ThingLogUITests.swift */ = {isa = PBXFileReference; lastKnownFileType = sourcecode.swift; path = ThingLogUITests.swift; sourceTree = "<group>"; };
		873EC02F26D39057003C3525 /* Info.plist */ = {isa = PBXFileReference; lastKnownFileType = text.plist.xml; path = Info.plist; sourceTree = "<group>"; };
		873EC03C26D504BA003C3525 /* RxRelay.xcframework */ = {isa = PBXFileReference; lastKnownFileType = wrapper.xcframework; name = RxRelay.xcframework; path = Carthage/Build/RxRelay.xcframework; sourceTree = "<group>"; };
		873EC03D26D504BA003C3525 /* RxTest.xcframework */ = {isa = PBXFileReference; lastKnownFileType = wrapper.xcframework; name = RxTest.xcframework; path = Carthage/Build/RxTest.xcframework; sourceTree = "<group>"; };
		873EC03E26D504BA003C3525 /* RxSwift.xcframework */ = {isa = PBXFileReference; lastKnownFileType = wrapper.xcframework; name = RxSwift.xcframework; path = Carthage/Build/RxSwift.xcframework; sourceTree = "<group>"; };
		873EC03F26D504BA003C3525 /* RxBlocking.xcframework */ = {isa = PBXFileReference; lastKnownFileType = wrapper.xcframework; name = RxBlocking.xcframework; path = Carthage/Build/RxBlocking.xcframework; sourceTree = "<group>"; };
		873EC04026D504BA003C3525 /* RxCocoa.xcframework */ = {isa = PBXFileReference; lastKnownFileType = wrapper.xcframework; name = RxCocoa.xcframework; path = Carthage/Build/RxCocoa.xcframework; sourceTree = "<group>"; };
		873EC04D26D5068F003C3525 /* .swiftlint.yml */ = {isa = PBXFileReference; lastKnownFileType = text.yaml; path = .swiftlint.yml; sourceTree = "<group>"; };
		875A965F26F0E4EB001BF0D0 /* CoreDataStack.swift */ = {isa = PBXFileReference; lastKnownFileType = sourcecode.swift; path = CoreDataStack.swift; sourceTree = "<group>"; };
		DB331DA626FDD00A00A629F5 /* ColorsAsset.swift */ = {isa = PBXFileReference; fileEncoding = 4; lastKnownFileType = sourcecode.swift; path = ColorsAsset.swift; sourceTree = "<group>"; };
		DB331DA726FDD00A00A629F5 /* ImageAssets.swift */ = {isa = PBXFileReference; fileEncoding = 4; lastKnownFileType = sourcecode.swift; path = ImageAssets.swift; sourceTree = "<group>"; };
		DB331DA826FDD00A00A629F5 /* Fonts.swift */ = {isa = PBXFileReference; fileEncoding = 4; lastKnownFileType = sourcecode.swift; path = Fonts.swift; sourceTree = "<group>"; };
		DB7C04A526F5F281009F5C0A /* Coordinator.swift */ = {isa = PBXFileReference; lastKnownFileType = sourcecode.swift; path = Coordinator.swift; sourceTree = "<group>"; };
		DB7C04A726F5F2BB009F5C0A /* HomeCoordinator.swift */ = {isa = PBXFileReference; lastKnownFileType = sourcecode.swift; path = HomeCoordinator.swift; sourceTree = "<group>"; };
		DB7C04A926F5F308009F5C0A /* CategoryCoordinator.swift */ = {isa = PBXFileReference; lastKnownFileType = sourcecode.swift; path = CategoryCoordinator.swift; sourceTree = "<group>"; };
		DB7C04B126F87548009F5C0A /* TabBarController.swift */ = {isa = PBXFileReference; lastKnownFileType = sourcecode.swift; path = TabBarController.swift; sourceTree = "<group>"; };
		DB7C04B526F8782B009F5C0A /* CategoryViewController.swift */ = {isa = PBXFileReference; lastKnownFileType = sourcecode.swift; path = CategoryViewController.swift; sourceTree = "<group>"; };
		DB7C04B826F87BE9009F5C0A /* ChoiceWritingView.swift */ = {isa = PBXFileReference; lastKnownFileType = sourcecode.swift; path = ChoiceWritingView.swift; sourceTree = "<group>"; };
		DB7C04BD26F9BE72009F5C0A /* ProfileView.swift */ = {isa = PBXFileReference; lastKnownFileType = sourcecode.swift; path = ProfileView.swift; sourceTree = "<group>"; };
		DB7C04C626F9E693009F5C0A /* UserInformationViewModel.swift */ = {isa = PBXFileReference; lastKnownFileType = sourcecode.swift; path = UserInformationViewModel.swift; sourceTree = "<group>"; };
		DB7C04C926F9E69D009F5C0A /* UserDefaults+.swift */ = {isa = PBXFileReference; lastKnownFileType = sourcecode.swift; path = "UserDefaults+.swift"; sourceTree = "<group>"; };
		DB7C04E426FB1981009F5C0A /* BaseContentsCollectionViewController.swift */ = {isa = PBXFileReference; lastKnownFileType = sourcecode.swift; path = BaseContentsCollectionViewController.swift; sourceTree = "<group>"; };
		DB7C04E826FB19AE009F5C0A /* ContentsCollectionViewCell.swift */ = {isa = PBXFileReference; lastKnownFileType = sourcecode.swift; name = ContentsCollectionViewCell.swift; path = ThingLog/ViewController/ContentsCollection/ContentsCollectionViewCell.swift; sourceTree = SOURCE_ROOT; };
		DB7C04EB26FB1A04009F5C0A /* UIView+.swift */ = {isa = PBXFileReference; lastKnownFileType = sourcecode.swift; path = "UIView+.swift"; sourceTree = "<group>"; };
		DB7C04ED26FB1ACE009F5C0A /* ContentsTabView.swift */ = {isa = PBXFileReference; lastKnownFileType = sourcecode.swift; path = ContentsTabView.swift; sourceTree = "<group>"; };
		DB7C04EF26FB1EFF009F5C0A /* HomeViewController.swift */ = {isa = PBXFileReference; lastKnownFileType = sourcecode.swift; path = HomeViewController.swift; sourceTree = "<group>"; };
		DB7C04F126FB1F36009F5C0A /* ContentsPageViewController.swift */ = {isa = PBXFileReference; lastKnownFileType = sourcecode.swift; path = ContentsPageViewController.swift; sourceTree = "<group>"; };
		DB7C04F326FB1F45009F5C0A /* BoughtContentsCollectionViewController.swift */ = {isa = PBXFileReference; lastKnownFileType = sourcecode.swift; path = BoughtContentsCollectionViewController.swift; sourceTree = "<group>"; };
		DB7C04F526FB1F4B009F5C0A /* WishContentsCollectionViewController.swift */ = {isa = PBXFileReference; lastKnownFileType = sourcecode.swift; path = WishContentsCollectionViewController.swift; sourceTree = "<group>"; };
		DB7C04F726FB1F52009F5C0A /* GiftContentsCollectionViewController.swift */ = {isa = PBXFileReference; lastKnownFileType = sourcecode.swift; path = GiftContentsCollectionViewController.swift; sourceTree = "<group>"; };
		DB7C04FB26FB27A6009F5C0A /* TemplateImageButton.swift */ = {isa = PBXFileReference; lastKnownFileType = sourcecode.swift; path = TemplateImageButton.swift; sourceTree = "<group>"; };
		DB8BF6782705D25700FD5FDB /* LogoView.swift */ = {isa = PBXFileReference; lastKnownFileType = sourcecode.swift; path = LogoView.swift; sourceTree = "<group>"; };
		DBA1FD3C26FB6F1D00F50DE5 /* ko */ = {isa = PBXFileReference; lastKnownFileType = text.plist.strings; name = ko; path = ko.lproj/LaunchScreen.strings; sourceTree = "<group>"; };
		DBA1FD4626FB701C00F50DE5 /* ko */ = {isa = PBXFileReference; lastKnownFileType = text.plist.strings; name = ko; path = ko.lproj/InfoPlist.strings; sourceTree = "<group>"; };
		DBA1FD4826FB701F00F50DE5 /* en */ = {isa = PBXFileReference; lastKnownFileType = text.plist.strings; name = en; path = en.lproj/InfoPlist.strings; sourceTree = "<group>"; };
		DBAB64A626FE2AFF006D95ED /* UIImage+.swift */ = {isa = PBXFileReference; lastKnownFileType = sourcecode.swift; path = "UIImage+.swift"; sourceTree = "<group>"; };
		DBAE8E9326FDB3EE00F536AD /* Pretendard-Bold.otf */ = {isa = PBXFileReference; lastKnownFileType = file; path = "Pretendard-Bold.otf"; sourceTree = "<group>"; };
		DBAE8E9426FDB3EE00F536AD /* Pretendard-Regular.otf */ = {isa = PBXFileReference; lastKnownFileType = file; path = "Pretendard-Regular.otf"; sourceTree = "<group>"; };
		DBAE8E9526FDB3EE00F536AD /* Pretendard-SemiBold.otf */ = {isa = PBXFileReference; lastKnownFileType = file; path = "Pretendard-SemiBold.otf"; sourceTree = "<group>"; };
		DBAE8EB026FDBEAE00F536AD /* swiftgen.yml */ = {isa = PBXFileReference; fileEncoding = 4; lastKnownFileType = text.yaml; path = swiftgen.yml; sourceTree = "<group>"; };
		DBAE8EBA26FDCA7B00F536AD /* Colors.xcassets */ = {isa = PBXFileReference; lastKnownFileType = folder.assetcatalog; path = Colors.xcassets; sourceTree = "<group>"; };
		DBD5454627032B1C00063C98 /* FilterType.swift */ = {isa = PBXFileReference; lastKnownFileType = sourcecode.swift; path = FilterType.swift; sourceTree = "<group>"; };
		DBD5454827032BAA00063C98 /* TopCategoryType.swift */ = {isa = PBXFileReference; lastKnownFileType = sourcecode.swift; path = TopCategoryType.swift; sourceTree = "<group>"; };
		DBD5454B27032C6600063C98 /* CategoryViewModel.swift */ = {isa = PBXFileReference; lastKnownFileType = sourcecode.swift; path = CategoryViewModel.swift; sourceTree = "<group>"; };
		DBD5454F27033D9A00063C98 /* RoundButtonCollectionViewCell.swift */ = {isa = PBXFileReference; lastKnownFileType = sourcecode.swift; path = RoundButtonCollectionViewCell.swift; sourceTree = "<group>"; };
		DBD545512703409300063C98 /* HorizontalCollectionView.swift */ = {isa = PBXFileReference; lastKnownFileType = sourcecode.swift; path = HorizontalCollectionView.swift; sourceTree = "<group>"; };
/* End PBXFileReference section */

/* Begin PBXFrameworksBuildPhase section */
		873EC00226D39055003C3525 /* Frameworks */ = {
			isa = PBXFrameworksBuildPhase;
			buildActionMask = 2147483647;
			files = (
				873EC04726D504BA003C3525 /* RxBlocking.xcframework in Frameworks */,
				873EC04526D504BA003C3525 /* RxSwift.xcframework in Frameworks */,
				873EC04926D504BA003C3525 /* RxCocoa.xcframework in Frameworks */,
				873EC04126D504BA003C3525 /* RxRelay.xcframework in Frameworks */,
			);
			runOnlyForDeploymentPostprocessing = 0;
		};
		873EC01B26D39057003C3525 /* Frameworks */ = {
			isa = PBXFrameworksBuildPhase;
			buildActionMask = 2147483647;
			files = (
			);
			runOnlyForDeploymentPostprocessing = 0;
		};
		873EC02626D39057003C3525 /* Frameworks */ = {
			isa = PBXFrameworksBuildPhase;
			buildActionMask = 2147483647;
			files = (
			);
			runOnlyForDeploymentPostprocessing = 0;
		};
/* End PBXFrameworksBuildPhase section */

/* Begin PBXGroup section */
		873EBFFC26D39055003C3525 = {
			isa = PBXGroup;
			children = (
				873EC04D26D5068F003C3525 /* .swiftlint.yml */,
				DBAE8EB026FDBEAE00F536AD /* swiftgen.yml */,
				873EC00726D39055003C3525 /* ThingLog */,
				873EC02126D39057003C3525 /* ThingLogTests */,
				873EC02C26D39057003C3525 /* ThingLogUITests */,
				873EC00626D39055003C3525 /* Products */,
				873EC03B26D504BA003C3525 /* Frameworks */,
			);
			sourceTree = "<group>";
		};
		873EC00626D39055003C3525 /* Products */ = {
			isa = PBXGroup;
			children = (
				873EC00526D39055003C3525 /* ThingLog.app */,
				873EC01E26D39057003C3525 /* ThingLogTests.xctest */,
				873EC02926D39057003C3525 /* ThingLogUITests.xctest */,
			);
			name = Products;
			sourceTree = "<group>";
		};
		873EC00726D39055003C3525 /* ThingLog */ = {
			isa = PBXGroup;
			children = (
				DBAE8E9226FDB39C00F536AD /* Resource */,
				DBAE8E9126FDAE7500F536AD /* SwiftGen */,
				DB7C04A426F5F26B009F5C0A /* Coordinator */,
				DB7C04EA26FB19FE009F5C0A /* Extension */,
				875A965E26F0E4DC001BF0D0 /* Model */,
				873EC05026D50825003C3525 /* SupportingFiles */,
				DB7C04E626FB1990009F5C0A /* View */,
				DB7C04DF26FB18F4009F5C0A /* ViewController */,
				873EC00C26D39055003C3525 /* ViewController.swift */,
				DB7C04C326F9E66F009F5C0A /* ViewModel */,
			);
			path = ThingLog;
			sourceTree = "<group>";
		};
		873EC02126D39057003C3525 /* ThingLogTests */ = {
			isa = PBXGroup;
			children = (
				873EC02226D39057003C3525 /* ThingLogTests.swift */,
				873EC02426D39057003C3525 /* Info.plist */,
			);
			path = ThingLogTests;
			sourceTree = "<group>";
		};
		873EC02C26D39057003C3525 /* ThingLogUITests */ = {
			isa = PBXGroup;
			children = (
				873EC02D26D39057003C3525 /* ThingLogUITests.swift */,
				873EC02F26D39057003C3525 /* Info.plist */,
			);
			path = ThingLogUITests;
			sourceTree = "<group>";
		};
		873EC03B26D504BA003C3525 /* Frameworks */ = {
			isa = PBXGroup;
			children = (
				873EC03F26D504BA003C3525 /* RxBlocking.xcframework */,
				873EC04026D504BA003C3525 /* RxCocoa.xcframework */,
				873EC03C26D504BA003C3525 /* RxRelay.xcframework */,
				873EC03E26D504BA003C3525 /* RxSwift.xcframework */,
				873EC03D26D504BA003C3525 /* RxTest.xcframework */,
			);
			name = Frameworks;
			sourceTree = "<group>";
		};
		873EC05026D50825003C3525 /* SupportingFiles */ = {
			isa = PBXGroup;
			children = (
				873EC01926D39057003C3525 /* Info.plist */,
				87078B5926EA44B5007AE242 /* ThingLog.xcdatamodeld */,
				873EC00826D39055003C3525 /* AppDelegate.swift */,
				873EC00A26D39055003C3525 /* SceneDelegate.swift */,
				873EC01626D39057003C3525 /* LaunchScreen.storyboard */,
				DBA1FD4726FB701C00F50DE5 /* InfoPlist.strings */,
			);
			path = SupportingFiles;
			sourceTree = "<group>";
		};
		875A965E26F0E4DC001BF0D0 /* Model */ = {
			isa = PBXGroup;
			children = (
				875A965F26F0E4EB001BF0D0 /* CoreDataStack.swift */,
				DBD5454627032B1C00063C98 /* FilterType.swift */,
				DBD5454827032BAA00063C98 /* TopCategoryType.swift */,
			);
			path = Model;
			sourceTree = "<group>";
		};
		DB7C04A426F5F26B009F5C0A /* Coordinator */ = {
			isa = PBXGroup;
			children = (
				DB7C04A526F5F281009F5C0A /* Coordinator.swift */,
				DB7C04A726F5F2BB009F5C0A /* HomeCoordinator.swift */,
				DB7C04A926F5F308009F5C0A /* CategoryCoordinator.swift */,
			);
			path = Coordinator;
			sourceTree = "<group>";
		};
		DB7C04C326F9E66F009F5C0A /* ViewModel */ = {
			isa = PBXGroup;
			children = (
				DB7C04C626F9E693009F5C0A /* UserInformationViewModel.swift */,
				DBD5454B27032C6600063C98 /* CategoryViewModel.swift */,
			);
			path = ViewModel;
			sourceTree = "<group>";
		};
		DB7C04DF26FB18F4009F5C0A /* ViewController */ = {
			isa = PBXGroup;
			children = (
				DB7C04E026FB1900009F5C0A /* ContentsCollection */,
				DB7C04EF26FB1EFF009F5C0A /* HomeViewController.swift */,
				DB7C04F126FB1F36009F5C0A /* ContentsPageViewController.swift */,
				DB7C04B126F87548009F5C0A /* TabBarController.swift */,
				DB7C04B526F8782B009F5C0A /* CategoryViewController.swift */,
			);
			path = ViewController;
			sourceTree = "<group>";
		};
		DB7C04E026FB1900009F5C0A /* ContentsCollection */ = {
			isa = PBXGroup;
			children = (
				DB7C04E426FB1981009F5C0A /* BaseContentsCollectionViewController.swift */,
				DB7C04F326FB1F45009F5C0A /* BoughtContentsCollectionViewController.swift */,
				DB7C04F526FB1F4B009F5C0A /* WishContentsCollectionViewController.swift */,
				DB7C04F726FB1F52009F5C0A /* GiftContentsCollectionViewController.swift */,
			);
			path = ContentsCollection;
			sourceTree = "<group>";
		};
		DB7C04E626FB1990009F5C0A /* View */ = {
			isa = PBXGroup;
			children = (
				DB7C04E726FB199A009F5C0A /* CollectionViewCell */,
				DB7C04ED26FB1ACE009F5C0A /* ContentsTabView.swift */,
				DB7C04FB26FB27A6009F5C0A /* TemplateImageButton.swift */,
				DB7C04BD26F9BE72009F5C0A /* ProfileView.swift */,
				DB7C04B826F87BE9009F5C0A /* ChoiceWritingView.swift */,
				DBD545512703409300063C98 /* HorizontalCollectionView.swift */,
				DB8BF6782705D25700FD5FDB /* LogoView.swift */,
			);
			path = View;
			sourceTree = "<group>";
		};
		DB7C04E726FB199A009F5C0A /* CollectionViewCell */ = {
			isa = PBXGroup;
			children = (
				DB7C04E826FB19AE009F5C0A /* ContentsCollectionViewCell.swift */,
				DBD5454F27033D9A00063C98 /* RoundButtonCollectionViewCell.swift */,
			);
			path = CollectionViewCell;
			sourceTree = "<group>";
		};
		DB7C04EA26FB19FE009F5C0A /* Extension */ = {
			isa = PBXGroup;
			children = (
				DB7C04EB26FB1A04009F5C0A /* UIView+.swift */,
				DB7C04C926F9E69D009F5C0A /* UserDefaults+.swift */,
				8736B3F326FDD55E000433E1 /* UIFont+.swift */,
				DBAB64A626FE2AFF006D95ED /* UIImage+.swift */,
			);
			path = Extension;
			sourceTree = "<group>";
		};
		DBAE8E9126FDAE7500F536AD /* SwiftGen */ = {
			isa = PBXGroup;
			children = (
				DB331DA626FDD00A00A629F5 /* ColorsAsset.swift */,
				DB331DA826FDD00A00A629F5 /* Fonts.swift */,
				DB331DA726FDD00A00A629F5 /* ImageAssets.swift */,
			);
			path = SwiftGen;
			sourceTree = "<group>";
		};
		DBAE8E9226FDB39C00F536AD /* Resource */ = {
			isa = PBXGroup;
			children = (
				DBAE8E9926FDB52E00F536AD /* Font */,
				873EC01426D39057003C3525 /* Assets.xcassets */,
				DBAE8EBA26FDCA7B00F536AD /* Colors.xcassets */,
			);
			path = Resource;
			sourceTree = "<group>";
		};
		DBAE8E9926FDB52E00F536AD /* Font */ = {
			isa = PBXGroup;
			children = (
				DBAE8E9326FDB3EE00F536AD /* Pretendard-Bold.otf */,
				DBAE8E9426FDB3EE00F536AD /* Pretendard-Regular.otf */,
				DBAE8E9526FDB3EE00F536AD /* Pretendard-SemiBold.otf */,
			);
			path = Font;
			sourceTree = "<group>";
		};
/* End PBXGroup section */

/* Begin PBXNativeTarget section */
		873EC00426D39055003C3525 /* ThingLog */ = {
			isa = PBXNativeTarget;
			buildConfigurationList = 873EC03226D39057003C3525 /* Build configuration list for PBXNativeTarget "ThingLog" */;
			buildPhases = (
				873EC00126D39055003C3525 /* Sources */,
				873EC00226D39055003C3525 /* Frameworks */,
				873EC00326D39055003C3525 /* Resources */,
				873EC04B26D504BA003C3525 /* Embed Frameworks */,
				873EC04C26D504CD003C3525 /* Carthage Run Script */,
				873EC04F26D5077C003C3525 /* SwiftLint Run Script */,
				DBAE8E9026FDAB7F00F536AD /* SwiftGen Run Script */,
			);
			buildRules = (
			);
			dependencies = (
			);
			name = ThingLog;
			productName = ThingLog;
			productReference = 873EC00526D39055003C3525 /* ThingLog.app */;
			productType = "com.apple.product-type.application";
		};
		873EC01D26D39057003C3525 /* ThingLogTests */ = {
			isa = PBXNativeTarget;
			buildConfigurationList = 873EC03526D39057003C3525 /* Build configuration list for PBXNativeTarget "ThingLogTests" */;
			buildPhases = (
				873EC01A26D39057003C3525 /* Sources */,
				873EC01B26D39057003C3525 /* Frameworks */,
				873EC01C26D39057003C3525 /* Resources */,
			);
			buildRules = (
			);
			dependencies = (
				873EC02026D39057003C3525 /* PBXTargetDependency */,
			);
			name = ThingLogTests;
			productName = ThingLogTests;
			productReference = 873EC01E26D39057003C3525 /* ThingLogTests.xctest */;
			productType = "com.apple.product-type.bundle.unit-test";
		};
		873EC02826D39057003C3525 /* ThingLogUITests */ = {
			isa = PBXNativeTarget;
			buildConfigurationList = 873EC03826D39057003C3525 /* Build configuration list for PBXNativeTarget "ThingLogUITests" */;
			buildPhases = (
				873EC02526D39057003C3525 /* Sources */,
				873EC02626D39057003C3525 /* Frameworks */,
				873EC02726D39057003C3525 /* Resources */,
			);
			buildRules = (
			);
			dependencies = (
				873EC02B26D39057003C3525 /* PBXTargetDependency */,
			);
			name = ThingLogUITests;
			productName = ThingLogUITests;
			productReference = 873EC02926D39057003C3525 /* ThingLogUITests.xctest */;
			productType = "com.apple.product-type.bundle.ui-testing";
		};
/* End PBXNativeTarget section */

/* Begin PBXProject section */
		873EBFFD26D39055003C3525 /* Project object */ = {
			isa = PBXProject;
			attributes = {
				LastSwiftUpdateCheck = 1250;
				LastUpgradeCheck = 1250;
				TargetAttributes = {
					873EC00426D39055003C3525 = {
						CreatedOnToolsVersion = 12.5.1;
					};
					873EC01D26D39057003C3525 = {
						CreatedOnToolsVersion = 12.5.1;
						TestTargetID = 873EC00426D39055003C3525;
					};
					873EC02826D39057003C3525 = {
						CreatedOnToolsVersion = 12.5.1;
						TestTargetID = 873EC00426D39055003C3525;
					};
				};
			};
			buildConfigurationList = 873EC00026D39055003C3525 /* Build configuration list for PBXProject "ThingLog" */;
			compatibilityVersion = "Xcode 9.3";
			developmentRegion = en;
			hasScannedForEncodings = 0;
			knownRegions = (
				en,
				Base,
				ko,
			);
			mainGroup = 873EBFFC26D39055003C3525;
			productRefGroup = 873EC00626D39055003C3525 /* Products */;
			projectDirPath = "";
			projectRoot = "";
			targets = (
				873EC00426D39055003C3525 /* ThingLog */,
				873EC01D26D39057003C3525 /* ThingLogTests */,
				873EC02826D39057003C3525 /* ThingLogUITests */,
			);
		};
/* End PBXProject section */

/* Begin PBXResourcesBuildPhase section */
		873EC00326D39055003C3525 /* Resources */ = {
			isa = PBXResourcesBuildPhase;
			buildActionMask = 2147483647;
			files = (
				DBAE8EBB26FDCA7B00F536AD /* Colors.xcassets in Resources */,
				873EC04E26D5068F003C3525 /* .swiftlint.yml in Resources */,
				DBAE8E9726FDB3EE00F536AD /* Pretendard-Regular.otf in Resources */,
				DBAE8E9826FDB3EE00F536AD /* Pretendard-SemiBold.otf in Resources */,
				DBAE8EB126FDBEAE00F536AD /* swiftgen.yml in Resources */,
				DBAE8E9626FDB3EE00F536AD /* Pretendard-Bold.otf in Resources */,
				DBA1FD4526FB701C00F50DE5 /* InfoPlist.strings in Resources */,
				873EC01826D39057003C3525 /* LaunchScreen.storyboard in Resources */,
				873EC01526D39057003C3525 /* Assets.xcassets in Resources */,
			);
			runOnlyForDeploymentPostprocessing = 0;
		};
		873EC01C26D39057003C3525 /* Resources */ = {
			isa = PBXResourcesBuildPhase;
			buildActionMask = 2147483647;
			files = (
			);
			runOnlyForDeploymentPostprocessing = 0;
		};
		873EC02726D39057003C3525 /* Resources */ = {
			isa = PBXResourcesBuildPhase;
			buildActionMask = 2147483647;
			files = (
			);
			runOnlyForDeploymentPostprocessing = 0;
		};
/* End PBXResourcesBuildPhase section */

/* Begin PBXShellScriptBuildPhase section */
		873EC04C26D504CD003C3525 /* Carthage Run Script */ = {
			isa = PBXShellScriptBuildPhase;
			buildActionMask = 2147483647;
			files = (
			);
			inputFileListPaths = (
			);
			inputPaths = (
				"$(SRCROOT)/Carthage/Build/RxBlocking.xcframework",
				"$(SRCROOT)/Carthage/Build/RxCocoa.xcframework",
				"$(SRCROOT)/Carthage/Build/RxRelay.xcframework",
				"$(SRCROOT)/Carthage/Build/RxSwift.xcframework",
			);
			name = "Carthage Run Script";
			outputFileListPaths = (
			);
			outputPaths = (
			);
			runOnlyForDeploymentPostprocessing = 0;
			shellPath = /bin/sh;
			shellScript = "# /usr/local/bin/carthage outdated --xcode-warnings 2>/dev/null\n";
		};
		873EC04F26D5077C003C3525 /* SwiftLint Run Script */ = {
			isa = PBXShellScriptBuildPhase;
			buildActionMask = 2147483647;
			files = (
			);
			inputFileListPaths = (
			);
			inputPaths = (
			);
			name = "SwiftLint Run Script";
			outputFileListPaths = (
			);
			outputPaths = (
			);
			runOnlyForDeploymentPostprocessing = 0;
			shellPath = /bin/sh;
			shellScript = "# Adds support for Apple Silicon brew directory\nexport PATH=\"$PATH:/opt/homebrew/bin\"\nif which swiftlint >/dev/null; then\n  swiftlint\nelse\n  echo \"warning: SwiftLint not installed, download from https://github.com/realm/SwiftLint\"\nfi\n";
		};
		DBAE8E9026FDAB7F00F536AD /* SwiftGen Run Script */ = {
			isa = PBXShellScriptBuildPhase;
			buildActionMask = 2147483647;
			files = (
			);
			inputFileListPaths = (
			);
			inputPaths = (
			);
			name = "SwiftGen Run Script";
			outputFileListPaths = (
			);
			outputPaths = (
			);
			runOnlyForDeploymentPostprocessing = 0;
			shellPath = /bin/sh;
			shellScript = "swiftgen config run\n";
		};
/* End PBXShellScriptBuildPhase section */

/* Begin PBXSourcesBuildPhase section */
		873EC00126D39055003C3525 /* Sources */ = {
			isa = PBXSourcesBuildPhase;
			buildActionMask = 2147483647;
			files = (
				DBAB64A526FCC2F8006D95ED /* HomeCoordinator.swift in Sources */,
				DBD545522703409300063C98 /* HorizontalCollectionView.swift in Sources */,
				DBAB64A426FCC2C5006D95ED /* Coordinator.swift in Sources */,
				DB7C04EE26FB1ACE009F5C0A /* ContentsTabView.swift in Sources */,
				DB7C04F426FB1F45009F5C0A /* BoughtContentsCollectionViewController.swift in Sources */,
				DB331DAA26FDD00A00A629F5 /* ImageAssets.swift in Sources */,
				DBD5454727032B1C00063C98 /* FilterType.swift in Sources */,
				DBAB64A726FE2AFF006D95ED /* UIImage+.swift in Sources */,
				873EC00D26D39055003C3525 /* ViewController.swift in Sources */,
				DBD5455027033D9A00063C98 /* RoundButtonCollectionViewCell.swift in Sources */,
				DB7C04CA26F9E69D009F5C0A /* UserDefaults+.swift in Sources */,
				DB7C04E526FB1981009F5C0A /* BaseContentsCollectionViewController.swift in Sources */,
				DB7C04F626FB1F4B009F5C0A /* WishContentsCollectionViewController.swift in Sources */,
				DB7C04EC26FB1A04009F5C0A /* UIView+.swift in Sources */,
				DB7C04FC26FB27A6009F5C0A /* TemplateImageButton.swift in Sources */,
				DB7C04F826FB1F52009F5C0A /* GiftContentsCollectionViewController.swift in Sources */,
				DBD5454927032BAA00063C98 /* TopCategoryType.swift in Sources */,
				DB331DA926FDD00A00A629F5 /* ColorsAsset.swift in Sources */,
				DB7C04F226FB1F36009F5C0A /* ContentsPageViewController.swift in Sources */,
				DB7C04E926FB19AE009F5C0A /* ContentsCollectionViewCell.swift in Sources */,
				DB7C04BE26F9BE72009F5C0A /* ProfileView.swift in Sources */,
				DB7C04B626F8782B009F5C0A /* CategoryViewController.swift in Sources */,
				DB7C04B226F87548009F5C0A /* TabBarController.swift in Sources */,
				DB7C04B926F87BE9009F5C0A /* ChoiceWritingView.swift in Sources */,
				DB7C04AA26F5F308009F5C0A /* CategoryCoordinator.swift in Sources */,
				DB8BF6792705D25700FD5FDB /* LogoView.swift in Sources */,
				87078B5B26EA44B5007AE242 /* ThingLog.xcdatamodeld in Sources */,
				873EC00926D39055003C3525 /* AppDelegate.swift in Sources */,
				DB7C04C726F9E693009F5C0A /* UserInformationViewModel.swift in Sources */,
				873EC00B26D39055003C3525 /* SceneDelegate.swift in Sources */,
				8736B3F426FDD55E000433E1 /* UIFont+.swift in Sources */,
				DBD5454C27032C6600063C98 /* CategoryViewModel.swift in Sources */,
				DB7C04F026FB1EFF009F5C0A /* HomeViewController.swift in Sources */,
				DB331DAB26FDD00A00A629F5 /* Fonts.swift in Sources */,
				875A966026F0E4EB001BF0D0 /* CoreDataStack.swift in Sources */,
			);
			runOnlyForDeploymentPostprocessing = 0;
		};
		873EC01A26D39057003C3525 /* Sources */ = {
			isa = PBXSourcesBuildPhase;
			buildActionMask = 2147483647;
			files = (
				873EC02326D39057003C3525 /* ThingLogTests.swift in Sources */,
			);
			runOnlyForDeploymentPostprocessing = 0;
		};
		873EC02526D39057003C3525 /* Sources */ = {
			isa = PBXSourcesBuildPhase;
			buildActionMask = 2147483647;
			files = (
				873EC02E26D39057003C3525 /* ThingLogUITests.swift in Sources */,
			);
			runOnlyForDeploymentPostprocessing = 0;
		};
/* End PBXSourcesBuildPhase section */

/* Begin PBXTargetDependency section */
		873EC02026D39057003C3525 /* PBXTargetDependency */ = {
			isa = PBXTargetDependency;
			target = 873EC00426D39055003C3525 /* ThingLog */;
			targetProxy = 873EC01F26D39057003C3525 /* PBXContainerItemProxy */;
		};
		873EC02B26D39057003C3525 /* PBXTargetDependency */ = {
			isa = PBXTargetDependency;
			target = 873EC00426D39055003C3525 /* ThingLog */;
			targetProxy = 873EC02A26D39057003C3525 /* PBXContainerItemProxy */;
		};
/* End PBXTargetDependency section */

/* Begin PBXVariantGroup section */
		873EC01626D39057003C3525 /* LaunchScreen.storyboard */ = {
			isa = PBXVariantGroup;
			children = (
				873EC01726D39057003C3525 /* Base */,
				DBA1FD3C26FB6F1D00F50DE5 /* ko */,
			);
			name = LaunchScreen.storyboard;
			sourceTree = "<group>";
		};
		DBA1FD4726FB701C00F50DE5 /* InfoPlist.strings */ = {
			isa = PBXVariantGroup;
			children = (
				DBA1FD4626FB701C00F50DE5 /* ko */,
				DBA1FD4826FB701F00F50DE5 /* en */,
			);
			name = InfoPlist.strings;
			sourceTree = "<group>";
		};
/* End PBXVariantGroup section */

/* Begin XCBuildConfiguration section */
		873EC03026D39057003C3525 /* Debug */ = {
			isa = XCBuildConfiguration;
			buildSettings = {
				ALWAYS_SEARCH_USER_PATHS = NO;
				CLANG_ANALYZER_LOCALIZABILITY_NONLOCALIZED = YES;
				CLANG_ANALYZER_NONNULL = YES;
				CLANG_ANALYZER_NUMBER_OBJECT_CONVERSION = YES_AGGRESSIVE;
				CLANG_CXX_LANGUAGE_STANDARD = "gnu++14";
				CLANG_CXX_LIBRARY = "libc++";
				CLANG_ENABLE_MODULES = YES;
				CLANG_ENABLE_OBJC_ARC = YES;
				CLANG_ENABLE_OBJC_WEAK = YES;
				CLANG_WARN_BLOCK_CAPTURE_AUTORELEASING = YES;
				CLANG_WARN_BOOL_CONVERSION = YES;
				CLANG_WARN_COMMA = YES;
				CLANG_WARN_CONSTANT_CONVERSION = YES;
				CLANG_WARN_DEPRECATED_OBJC_IMPLEMENTATIONS = YES;
				CLANG_WARN_DIRECT_OBJC_ISA_USAGE = YES_ERROR;
				CLANG_WARN_DOCUMENTATION_COMMENTS = YES;
				CLANG_WARN_EMPTY_BODY = YES;
				CLANG_WARN_ENUM_CONVERSION = YES;
				CLANG_WARN_INFINITE_RECURSION = YES;
				CLANG_WARN_INT_CONVERSION = YES;
				CLANG_WARN_NON_LITERAL_NULL_CONVERSION = YES;
				CLANG_WARN_OBJC_IMPLICIT_RETAIN_SELF = YES;
				CLANG_WARN_OBJC_LITERAL_CONVERSION = YES;
				CLANG_WARN_OBJC_ROOT_CLASS = YES_ERROR;
				CLANG_WARN_QUOTED_INCLUDE_IN_FRAMEWORK_HEADER = YES;
				CLANG_WARN_RANGE_LOOP_ANALYSIS = YES;
				CLANG_WARN_STRICT_PROTOTYPES = YES;
				CLANG_WARN_SUSPICIOUS_MOVE = YES;
				CLANG_WARN_UNGUARDED_AVAILABILITY = YES_AGGRESSIVE;
				CLANG_WARN_UNREACHABLE_CODE = YES;
				CLANG_WARN__DUPLICATE_METHOD_MATCH = YES;
				COPY_PHASE_STRIP = NO;
				DEBUG_INFORMATION_FORMAT = dwarf;
				ENABLE_STRICT_OBJC_MSGSEND = YES;
				ENABLE_TESTABILITY = YES;
				GCC_C_LANGUAGE_STANDARD = gnu11;
				GCC_DYNAMIC_NO_PIC = NO;
				GCC_NO_COMMON_BLOCKS = YES;
				GCC_OPTIMIZATION_LEVEL = 0;
				GCC_PREPROCESSOR_DEFINITIONS = (
					"DEBUG=1",
					"$(inherited)",
				);
				GCC_WARN_64_TO_32_BIT_CONVERSION = YES;
				GCC_WARN_ABOUT_RETURN_TYPE = YES_ERROR;
				GCC_WARN_UNDECLARED_SELECTOR = YES;
				GCC_WARN_UNINITIALIZED_AUTOS = YES_AGGRESSIVE;
				GCC_WARN_UNUSED_FUNCTION = YES;
				GCC_WARN_UNUSED_VARIABLE = YES;
				IPHONEOS_DEPLOYMENT_TARGET = 13.0;
				MTL_ENABLE_DEBUG_INFO = INCLUDE_SOURCE;
				MTL_FAST_MATH = YES;
				ONLY_ACTIVE_ARCH = YES;
				SDKROOT = iphoneos;
				SWIFT_ACTIVE_COMPILATION_CONDITIONS = DEBUG;
				SWIFT_OPTIMIZATION_LEVEL = "-Onone";
			};
			name = Debug;
		};
		873EC03126D39057003C3525 /* Release */ = {
			isa = XCBuildConfiguration;
			buildSettings = {
				ALWAYS_SEARCH_USER_PATHS = NO;
				CLANG_ANALYZER_LOCALIZABILITY_NONLOCALIZED = YES;
				CLANG_ANALYZER_NONNULL = YES;
				CLANG_ANALYZER_NUMBER_OBJECT_CONVERSION = YES_AGGRESSIVE;
				CLANG_CXX_LANGUAGE_STANDARD = "gnu++14";
				CLANG_CXX_LIBRARY = "libc++";
				CLANG_ENABLE_MODULES = YES;
				CLANG_ENABLE_OBJC_ARC = YES;
				CLANG_ENABLE_OBJC_WEAK = YES;
				CLANG_WARN_BLOCK_CAPTURE_AUTORELEASING = YES;
				CLANG_WARN_BOOL_CONVERSION = YES;
				CLANG_WARN_COMMA = YES;
				CLANG_WARN_CONSTANT_CONVERSION = YES;
				CLANG_WARN_DEPRECATED_OBJC_IMPLEMENTATIONS = YES;
				CLANG_WARN_DIRECT_OBJC_ISA_USAGE = YES_ERROR;
				CLANG_WARN_DOCUMENTATION_COMMENTS = YES;
				CLANG_WARN_EMPTY_BODY = YES;
				CLANG_WARN_ENUM_CONVERSION = YES;
				CLANG_WARN_INFINITE_RECURSION = YES;
				CLANG_WARN_INT_CONVERSION = YES;
				CLANG_WARN_NON_LITERAL_NULL_CONVERSION = YES;
				CLANG_WARN_OBJC_IMPLICIT_RETAIN_SELF = YES;
				CLANG_WARN_OBJC_LITERAL_CONVERSION = YES;
				CLANG_WARN_OBJC_ROOT_CLASS = YES_ERROR;
				CLANG_WARN_QUOTED_INCLUDE_IN_FRAMEWORK_HEADER = YES;
				CLANG_WARN_RANGE_LOOP_ANALYSIS = YES;
				CLANG_WARN_STRICT_PROTOTYPES = YES;
				CLANG_WARN_SUSPICIOUS_MOVE = YES;
				CLANG_WARN_UNGUARDED_AVAILABILITY = YES_AGGRESSIVE;
				CLANG_WARN_UNREACHABLE_CODE = YES;
				CLANG_WARN__DUPLICATE_METHOD_MATCH = YES;
				COPY_PHASE_STRIP = NO;
				DEBUG_INFORMATION_FORMAT = "dwarf-with-dsym";
				ENABLE_NS_ASSERTIONS = NO;
				ENABLE_STRICT_OBJC_MSGSEND = YES;
				GCC_C_LANGUAGE_STANDARD = gnu11;
				GCC_NO_COMMON_BLOCKS = YES;
				GCC_WARN_64_TO_32_BIT_CONVERSION = YES;
				GCC_WARN_ABOUT_RETURN_TYPE = YES_ERROR;
				GCC_WARN_UNDECLARED_SELECTOR = YES;
				GCC_WARN_UNINITIALIZED_AUTOS = YES_AGGRESSIVE;
				GCC_WARN_UNUSED_FUNCTION = YES;
				GCC_WARN_UNUSED_VARIABLE = YES;
				IPHONEOS_DEPLOYMENT_TARGET = 13.0;
				MTL_ENABLE_DEBUG_INFO = NO;
				MTL_FAST_MATH = YES;
				SDKROOT = iphoneos;
				SWIFT_COMPILATION_MODE = wholemodule;
				SWIFT_OPTIMIZATION_LEVEL = "-O";
				VALIDATE_PRODUCT = YES;
			};
			name = Release;
		};
		873EC03326D39057003C3525 /* Debug */ = {
			isa = XCBuildConfiguration;
			buildSettings = {
				ASSETCATALOG_COMPILER_APPICON_NAME = AppIcon;
				ASSETCATALOG_COMPILER_GLOBAL_ACCENT_COLOR_NAME = AccentColor;
				CODE_SIGN_IDENTITY = "Apple Development";
				CODE_SIGN_STYLE = Automatic;
				DEVELOPMENT_TEAM = WVLV77R6X7;
				INFOPLIST_FILE = ThingLog/SupportingFiles/Info.plist;
				LD_RUNPATH_SEARCH_PATHS = (
					"$(inherited)",
					"@executable_path/Frameworks",
				);
				PRODUCT_BUNDLE_IDENTIFIER = com.thingLog.ThingLog;
				PRODUCT_NAME = "$(TARGET_NAME)";
				PROVISIONING_PROFILE_SPECIFIER = "";
				SWIFT_VERSION = 5.0;
				TARGETED_DEVICE_FAMILY = "1,2";
			};
			name = Debug;
		};
		873EC03426D39057003C3525 /* Release */ = {
			isa = XCBuildConfiguration;
			buildSettings = {
				ASSETCATALOG_COMPILER_APPICON_NAME = AppIcon;
				ASSETCATALOG_COMPILER_GLOBAL_ACCENT_COLOR_NAME = AccentColor;
				CODE_SIGN_IDENTITY = "Apple Development";
				CODE_SIGN_STYLE = Automatic;
				DEVELOPMENT_TEAM = WVLV77R6X7;
				INFOPLIST_FILE = ThingLog/SupportingFiles/Info.plist;
				LD_RUNPATH_SEARCH_PATHS = (
					"$(inherited)",
					"@executable_path/Frameworks",
				);
				PRODUCT_BUNDLE_IDENTIFIER = com.thingLog.ThingLog;
				PRODUCT_NAME = "$(TARGET_NAME)";
				PROVISIONING_PROFILE_SPECIFIER = "";
				SWIFT_VERSION = 5.0;
				TARGETED_DEVICE_FAMILY = "1,2";
			};
			name = Release;
		};
		873EC03626D39057003C3525 /* Debug */ = {
			isa = XCBuildConfiguration;
			buildSettings = {
				ALWAYS_EMBED_SWIFT_STANDARD_LIBRARIES = YES;
				BUNDLE_LOADER = "$(TEST_HOST)";
				CODE_SIGN_STYLE = Automatic;
				INFOPLIST_FILE = ThingLogTests/Info.plist;
				IPHONEOS_DEPLOYMENT_TARGET = 14.5;
				LD_RUNPATH_SEARCH_PATHS = (
					"$(inherited)",
					"@executable_path/Frameworks",
					"@loader_path/Frameworks",
				);
				PRODUCT_BUNDLE_IDENTIFIER = tech.jiwon.ThingLogTests;
				PRODUCT_NAME = "$(TARGET_NAME)";
				SWIFT_VERSION = 5.0;
				TARGETED_DEVICE_FAMILY = "1,2";
				TEST_HOST = "$(BUILT_PRODUCTS_DIR)/ThingLog.app/ThingLog";
			};
			name = Debug;
		};
		873EC03726D39057003C3525 /* Release */ = {
			isa = XCBuildConfiguration;
			buildSettings = {
				ALWAYS_EMBED_SWIFT_STANDARD_LIBRARIES = YES;
				BUNDLE_LOADER = "$(TEST_HOST)";
				CODE_SIGN_STYLE = Automatic;
				INFOPLIST_FILE = ThingLogTests/Info.plist;
				IPHONEOS_DEPLOYMENT_TARGET = 14.5;
				LD_RUNPATH_SEARCH_PATHS = (
					"$(inherited)",
					"@executable_path/Frameworks",
					"@loader_path/Frameworks",
				);
				PRODUCT_BUNDLE_IDENTIFIER = tech.jiwon.ThingLogTests;
				PRODUCT_NAME = "$(TARGET_NAME)";
				SWIFT_VERSION = 5.0;
				TARGETED_DEVICE_FAMILY = "1,2";
				TEST_HOST = "$(BUILT_PRODUCTS_DIR)/ThingLog.app/ThingLog";
			};
			name = Release;
		};
		873EC03926D39057003C3525 /* Debug */ = {
			isa = XCBuildConfiguration;
			buildSettings = {
				ALWAYS_EMBED_SWIFT_STANDARD_LIBRARIES = YES;
				CODE_SIGN_STYLE = Automatic;
				INFOPLIST_FILE = ThingLogUITests/Info.plist;
				LD_RUNPATH_SEARCH_PATHS = (
					"$(inherited)",
					"@executable_path/Frameworks",
					"@loader_path/Frameworks",
				);
				PRODUCT_BUNDLE_IDENTIFIER = tech.jiwon.ThingLogUITests;
				PRODUCT_NAME = "$(TARGET_NAME)";
				SWIFT_VERSION = 5.0;
				TARGETED_DEVICE_FAMILY = "1,2";
				TEST_TARGET_NAME = ThingLog;
			};
			name = Debug;
		};
		873EC03A26D39057003C3525 /* Release */ = {
			isa = XCBuildConfiguration;
			buildSettings = {
				ALWAYS_EMBED_SWIFT_STANDARD_LIBRARIES = YES;
				CODE_SIGN_STYLE = Automatic;
				INFOPLIST_FILE = ThingLogUITests/Info.plist;
				LD_RUNPATH_SEARCH_PATHS = (
					"$(inherited)",
					"@executable_path/Frameworks",
					"@loader_path/Frameworks",
				);
				PRODUCT_BUNDLE_IDENTIFIER = tech.jiwon.ThingLogUITests;
				PRODUCT_NAME = "$(TARGET_NAME)";
				SWIFT_VERSION = 5.0;
				TARGETED_DEVICE_FAMILY = "1,2";
				TEST_TARGET_NAME = ThingLog;
			};
			name = Release;
		};
/* End XCBuildConfiguration section */

/* Begin XCConfigurationList section */
		873EC00026D39055003C3525 /* Build configuration list for PBXProject "ThingLog" */ = {
			isa = XCConfigurationList;
			buildConfigurations = (
				873EC03026D39057003C3525 /* Debug */,
				873EC03126D39057003C3525 /* Release */,
			);
			defaultConfigurationIsVisible = 0;
			defaultConfigurationName = Release;
		};
		873EC03226D39057003C3525 /* Build configuration list for PBXNativeTarget "ThingLog" */ = {
			isa = XCConfigurationList;
			buildConfigurations = (
				873EC03326D39057003C3525 /* Debug */,
				873EC03426D39057003C3525 /* Release */,
			);
			defaultConfigurationIsVisible = 0;
			defaultConfigurationName = Release;
		};
		873EC03526D39057003C3525 /* Build configuration list for PBXNativeTarget "ThingLogTests" */ = {
			isa = XCConfigurationList;
			buildConfigurations = (
				873EC03626D39057003C3525 /* Debug */,
				873EC03726D39057003C3525 /* Release */,
			);
			defaultConfigurationIsVisible = 0;
			defaultConfigurationName = Release;
		};
		873EC03826D39057003C3525 /* Build configuration list for PBXNativeTarget "ThingLogUITests" */ = {
			isa = XCConfigurationList;
			buildConfigurations = (
				873EC03926D39057003C3525 /* Debug */,
				873EC03A26D39057003C3525 /* Release */,
			);
			defaultConfigurationIsVisible = 0;
			defaultConfigurationName = Release;
		};
/* End XCConfigurationList section */

/* Begin XCVersionGroup section */
		87078B5926EA44B5007AE242 /* ThingLog.xcdatamodeld */ = {
			isa = XCVersionGroup;
			children = (
				87078B5A26EA44B5007AE242 /* ThingLog.xcdatamodel */,
			);
			currentVersion = 87078B5A26EA44B5007AE242 /* ThingLog.xcdatamodel */;
			path = ThingLog.xcdatamodeld;
			sourceTree = "<group>";
			versionGroupType = wrapper.xcdatamodel;
		};
/* End XCVersionGroup section */
	};
	rootObject = 873EBFFD26D39055003C3525 /* Project object */;
}
